// !$*UTF8*$!
{
	archiveVersion = 1;
	classes = {
	};
	objectVersion = 56;
	objects = {

/* Begin PBXBuildFile section */
		4D0B52E22B58FF0B008D975D /* CheckConnectivity.swift in Sources */ = {isa = PBXBuildFile; fileRef = 4D0B52E12B58FF0B008D975D /* CheckConnectivity.swift */; };
		4D0B52E42B590213008D975D /* AlertManager.swift in Sources */ = {isa = PBXBuildFile; fileRef = 4D0B52E32B590213008D975D /* AlertManager.swift */; };
		4D1FC34F2B62304E009DA851 /* AudioPlayerViewModel.swift in Sources */ = {isa = PBXBuildFile; fileRef = 4D1FC34E2B62304E009DA851 /* AudioPlayerViewModel.swift */; };
		4D2564BB2B61D08200F2D089 /* SwiftUI+HexColors.swift in Sources */ = {isa = PBXBuildFile; fileRef = 4D2564BA2B61D08200F2D089 /* SwiftUI+HexColors.swift */; };
		4D3D05102B59D536009340ED /* WhisperManager.swift in Sources */ = {isa = PBXBuildFile; fileRef = 4D3D050F2B59D536009340ED /* WhisperManager.swift */; };
		4D3D05132B59DB32009340ED /* AudioKit in Frameworks */ = {isa = PBXBuildFile; productRef = 4D3D05122B59DB32009340ED /* AudioKit */; };
		4D3D05162B59E1A3009340ED /* SwiftWhisper in Frameworks */ = {isa = PBXBuildFile; productRef = 4D3D05152B59E1A3009340ED /* SwiftWhisper */; };
		4D4D11B92B37B5330095DA09 /* MessageViewModelManager.swift in Sources */ = {isa = PBXBuildFile; fileRef = 4D4D11B82B37B5330095DA09 /* MessageViewModelManager.swift */; };
		4D596AA22B5F2B3E00B9E765 /* ChatField.swift in Sources */ = {isa = PBXBuildFile; fileRef = 4D596A9C2B5F2B3E00B9E765 /* ChatField.swift */; };
		4D596AA32B5F2B3E00B9E765 /* String+AppendNewLine.swift in Sources */ = {isa = PBXBuildFile; fileRef = 4D596A9E2B5F2B3E00B9E765 /* String+AppendNewLine.swift */; };
		4D596AA42B5F2B3E00B9E765 /* Documentation.docc in Sources */ = {isa = PBXBuildFile; fileRef = 4D596A9F2B5F2B3E00B9E765 /* Documentation.docc */; };
		4D596AA52B5F2B3E00B9E765 /* CapsuleTextFieldStyle.swift in Sources */ = {isa = PBXBuildFile; fileRef = 4D596AA12B5F2B3E00B9E765 /* CapsuleTextFieldStyle.swift */; };
		4D596AA82B5F2D2F00B9E765 /* llama in Frameworks */ = {isa = PBXBuildFile; productRef = 4D596AA72B5F2D2F00B9E765 /* llama */; };
		4D596AAA2B60833E00B9E765 /* ToolbarView.swift in Sources */ = {isa = PBXBuildFile; fileRef = 4D596AA92B60833E00B9E765 /* ToolbarView.swift */; };
		4D596AAC2B6085FD00B9E765 /* AudioUtils.swift in Sources */ = {isa = PBXBuildFile; fileRef = 4D596AAB2B6085FD00B9E765 /* AudioUtils.swift */; };
		4D596AAF2B6197F700B9E765 /* AudioWidgetView.swift in Sources */ = {isa = PBXBuildFile; fileRef = 4D596AAE2B6197F700B9E765 /* AudioWidgetView.swift */; };
		4D596AB12B61997100B9E765 /* Audio.swift in Sources */ = {isa = PBXBuildFile; fileRef = 4D596AB02B61997100B9E765 /* Audio.swift */; };
		4D5B4BC52B48F3320067C543 /* ImageUtils.swift in Sources */ = {isa = PBXBuildFile; fileRef = 4D5B4BC42B48F3320067C543 /* ImageUtils.swift */; };
		4D5EA4D32B61F01700CD7966 /* AudioTranscriptView.swift in Sources */ = {isa = PBXBuildFile; fileRef = 4D5EA4D22B61F01700CD7966 /* AudioTranscriptView.swift */; };
		4D7454ED2B44CFD500ABBB3A /* AppDelegate.swift in Sources */ = {isa = PBXBuildFile; fileRef = 4D7454EC2B44CFD500ABBB3A /* AppDelegate.swift */; };
		4D785D7D2B53633200FBCE1A /* ModelWarmer.swift in Sources */ = {isa = PBXBuildFile; fileRef = 4D785D7C2B53633200FBCE1A /* ModelWarmer.swift */; };
		4D7AB4212B4CAA1A007F025B /* ExpandedImageView.swift in Sources */ = {isa = PBXBuildFile; fileRef = 4D7AB4202B4CAA1A007F025B /* ExpandedImageView.swift */; };
		4D7AB4242B4CB469007F025B /* Pow in Frameworks */ = {isa = PBXBuildFile; productRef = 4D7AB4232B4CB469007F025B /* Pow */; };
		4D8B537C2B2E499A0020FA6A /* OllamaKit in Frameworks */ = {isa = PBXBuildFile; productRef = 4D8B537B2B2E499A0020FA6A /* OllamaKit */; };
		4D8E054C2B2516DE00B60D0D /* ChatViewModel.swift in Sources */ = {isa = PBXBuildFile; fileRef = 4D8E05292B2516DE00B60D0D /* ChatViewModel.swift */; };
		4D8E054D2B2516DE00B60D0D /* CommandViewModel.swift in Sources */ = {isa = PBXBuildFile; fileRef = 4D8E052A2B2516DE00B60D0D /* CommandViewModel.swift */; };
		4D8E054E2B2516DE00B60D0D /* MessageViewModel.swift in Sources */ = {isa = PBXBuildFile; fileRef = 4D8E052B2B2516DE00B60D0D /* MessageViewModel.swift */; };
		4D8E05502B2516DE00B60D0D /* OllamaViewModel.swift in Sources */ = {isa = PBXBuildFile; fileRef = 4D8E052D2B2516DE00B60D0D /* OllamaViewModel.swift */; };
		4D8E05512B2516DE00B60D0D /* GravityApp.swift in Sources */ = {isa = PBXBuildFile; fileRef = 4D8E052F2B2516DE00B60D0D /* GravityApp.swift */; };
		4D8E05522B2516DE00B60D0D /* Assets.xcassets in Resources */ = {isa = PBXBuildFile; fileRef = 4D8E05322B2516DE00B60D0D /* Assets.xcassets */; };
		4D8E05542B2516DE00B60D0D /* AppMessages.swift in Sources */ = {isa = PBXBuildFile; fileRef = 4D8E05352B2516DE00B60D0D /* AppMessages.swift */; };
		4D8E05552B2516DE00B60D0D /* Chat.swift in Sources */ = {isa = PBXBuildFile; fileRef = 4D8E05372B2516DE00B60D0D /* Chat.swift */; };
		4D8E05562B2516DE00B60D0D /* Message.swift in Sources */ = {isa = PBXBuildFile; fileRef = 4D8E05382B2516DE00B60D0D /* Message.swift */; };
		4D8E05582B2516DE00B60D0D /* Preview Assets.xcassets in Resources */ = {isa = PBXBuildFile; fileRef = 4D8E053B2B2516DE00B60D0D /* Preview Assets.xcassets */; };
		4D8E05592B2516DE00B60D0D /* ModelContext+SaveChanges.swift in Sources */ = {isa = PBXBuildFile; fileRef = 4D8E053D2B2516DE00B60D0D /* ModelContext+SaveChanges.swift */; };
		4D8E055A2B2516DE00B60D0D /* RenameChatView.swift in Sources */ = {isa = PBXBuildFile; fileRef = 4D8E05402B2516DE00B60D0D /* RenameChatView.swift */; };
		4D8E055B2B2516DE00B60D0D /* ChatContextMenu.swift in Sources */ = {isa = PBXBuildFile; fileRef = 4D8E05412B2516DE00B60D0D /* ChatContextMenu.swift */; };
		4D8E055D2B2516DE00B60D0D /* ChatSidebarListView.swift in Sources */ = {isa = PBXBuildFile; fileRef = 4D8E05432B2516DE00B60D0D /* ChatSidebarListView.swift */; };
		4D8E055E2B2516DE00B60D0D /* AppView.swift in Sources */ = {isa = PBXBuildFile; fileRef = 4D8E05442B2516DE00B60D0D /* AppView.swift */; };
		4D8E05612B2516DE00B60D0D /* TextError.swift in Sources */ = {isa = PBXBuildFile; fileRef = 4D8E05482B2516DE00B60D0D /* TextError.swift */; };
		4D8E05622B2516DE00B60D0D /* MessageListItemView.swift in Sources */ = {isa = PBXBuildFile; fileRef = 4D8E054A2B2516DE00B60D0D /* MessageListItemView.swift */; };
		4D8E05632B2516DE00B60D0D /* MessageView.swift in Sources */ = {isa = PBXBuildFile; fileRef = 4D8E054B2B2516DE00B60D0D /* MessageView.swift */; };
		4D9348CA2B5B24C800D57BC2 /* DownloadManager.swift in Sources */ = {isa = PBXBuildFile; fileRef = 4D9348C92B5B24C800D57BC2 /* DownloadManager.swift */; };
		4DA82A4E2B508E400093905A /* UpdaterViewModel.swift in Sources */ = {isa = PBXBuildFile; fileRef = 4DA82A4D2B508E400093905A /* UpdaterViewModel.swift */; };
		4DA893B02B54C45300560DAD /* OnboardingView.swift in Sources */ = {isa = PBXBuildFile; fileRef = 4DA893AF2B54C45300560DAD /* OnboardingView.swift */; };
		4DA893B22B54C59400560DAD /* OnboardingIntroView.swift in Sources */ = {isa = PBXBuildFile; fileRef = 4DA893B12B54C59400560DAD /* OnboardingIntroView.swift */; };
		4DA893B42B54CA5600560DAD /* OnboardingExplainerView.swift in Sources */ = {isa = PBXBuildFile; fileRef = 4DA893B32B54CA5600560DAD /* OnboardingExplainerView.swift */; };
		4DA893B62B54CA6100560DAD /* OnboardingEmailView.swift in Sources */ = {isa = PBXBuildFile; fileRef = 4DA893B52B54CA6100560DAD /* OnboardingEmailView.swift */; };
		4DA893B82B54F04C00560DAD /* OnboardingDownloadView.swift in Sources */ = {isa = PBXBuildFile; fileRef = 4DA893B72B54F04C00560DAD /* OnboardingDownloadView.swift */; };
		4DC610EE2B57369B00255358 /* SharedModelContainer.swift in Sources */ = {isa = PBXBuildFile; fileRef = 4DC610ED2B57369B00255358 /* SharedModelContainer.swift */; };
		4DD282D92B4DEB6E0041690B /* SettingsKit in Frameworks */ = {isa = PBXBuildFile; productRef = 4DD282D82B4DEB6E0041690B /* SettingsKit */; };
		4DD282DC2B4DEF890041690B /* GeneralSettingsView.swift in Sources */ = {isa = PBXBuildFile; fileRef = 4DD282DB2B4DEF890041690B /* GeneralSettingsView.swift */; };
		4DD282DF2B4DF7050041690B /* KeyboardShortcuts in Frameworks */ = {isa = PBXBuildFile; productRef = 4DD282DE2B4DF7050041690B /* KeyboardShortcuts */; };
		4DD282E12B4DF7530041690B /* Shortcuts.swift in Sources */ = {isa = PBXBuildFile; fileRef = 4DD282E02B4DF7530041690B /* Shortcuts.swift */; };
		4DD282E32B4E05B80041690B /* AdvancedSettingsView.swift in Sources */ = {isa = PBXBuildFile; fileRef = 4DD282E22B4E05B80041690B /* AdvancedSettingsView.swift */; };
		4DD282E52B4E08660041690B /* AboutSettingsView.swift in Sources */ = {isa = PBXBuildFile; fileRef = 4DD282E42B4E08660041690B /* AboutSettingsView.swift */; };
		4DD282E82B4E3C4A0041690B /* LaunchAtLogin in Frameworks */ = {isa = PBXBuildFile; productRef = 4DD282E72B4E3C4A0041690B /* LaunchAtLogin */; };
		4DD282EB2B4E3D810041690B /* TelemetryClient in Frameworks */ = {isa = PBXBuildFile; productRef = 4DD282EA2B4E3D810041690B /* TelemetryClient */; };
		4DD2F7E02B6206340052776E /* TabViewModel.swift in Sources */ = {isa = PBXBuildFile; fileRef = 4DD2F7DF2B6206340052776E /* TabViewModel.swift */; };
		4DDCE8532B50BA0900A22B1E /* Sparkle in Frameworks */ = {isa = PBXBuildFile; productRef = 4DDCE8522B50BA0900A22B1E /* Sparkle */; };
		4DE6736D2B17F46B00A5F9AE /* ViewState in Frameworks */ = {isa = PBXBuildFile; productRef = 4DE673482B17F46B00A5F9AE /* ViewState */; };
		4DE6736E2B17F46B00A5F9AE /* MarkdownUI in Frameworks */ = {isa = PBXBuildFile; productRef = 4DE6734E2B17F46B00A5F9AE /* MarkdownUI */; };
		4DE6736F2B17F46B00A5F9AE /* ViewCondition in Frameworks */ = {isa = PBXBuildFile; productRef = 4DE6734C2B17F46B00A5F9AE /* ViewCondition */; };
		4DE673702B17F46B00A5F9AE /* SwiftUIIntrospect in Frameworks */ = {isa = PBXBuildFile; productRef = 4DE6734A2B17F46B00A5F9AE /* SwiftUIIntrospect */; };
		4DE673712B17F46B00A5F9AE /* OllamaKit in Frameworks */ = {isa = PBXBuildFile; productRef = 4DE673522B17F46B00A5F9AE /* OllamaKit */; };
		4DEF3F342B491CE200256ADE /* ollama-darwin in Resources */ = {isa = PBXBuildFile; fileRef = 4DEF3F332B491CE200256ADE /* ollama-darwin */; };
/* End PBXBuildFile section */

/* Begin PBXFileReference section */
		4D0B52E12B58FF0B008D975D /* CheckConnectivity.swift */ = {isa = PBXFileReference; lastKnownFileType = sourcecode.swift; path = CheckConnectivity.swift; sourceTree = "<group>"; };
		4D0B52E32B590213008D975D /* AlertManager.swift */ = {isa = PBXFileReference; lastKnownFileType = sourcecode.swift; path = AlertManager.swift; sourceTree = "<group>"; };
		4D1FC34E2B62304E009DA851 /* AudioPlayerViewModel.swift */ = {isa = PBXFileReference; lastKnownFileType = sourcecode.swift; path = AudioPlayerViewModel.swift; sourceTree = "<group>"; };
		4D2564BA2B61D08200F2D089 /* SwiftUI+HexColors.swift */ = {isa = PBXFileReference; lastKnownFileType = sourcecode.swift; path = "SwiftUI+HexColors.swift"; sourceTree = "<group>"; };
		4D3D050F2B59D536009340ED /* WhisperManager.swift */ = {isa = PBXFileReference; lastKnownFileType = sourcecode.swift; path = WhisperManager.swift; sourceTree = "<group>"; };
		4D4D11B82B37B5330095DA09 /* MessageViewModelManager.swift */ = {isa = PBXFileReference; lastKnownFileType = sourcecode.swift; path = MessageViewModelManager.swift; sourceTree = "<group>"; };
		4D596A9C2B5F2B3E00B9E765 /* ChatField.swift */ = {isa = PBXFileReference; fileEncoding = 4; lastKnownFileType = sourcecode.swift; path = ChatField.swift; sourceTree = "<group>"; };
		4D596A9E2B5F2B3E00B9E765 /* String+AppendNewLine.swift */ = {isa = PBXFileReference; fileEncoding = 4; lastKnownFileType = sourcecode.swift; path = "String+AppendNewLine.swift"; sourceTree = "<group>"; };
		4D596A9F2B5F2B3E00B9E765 /* Documentation.docc */ = {isa = PBXFileReference; lastKnownFileType = folder.documentationcatalog; path = Documentation.docc; sourceTree = "<group>"; };
		4D596AA12B5F2B3E00B9E765 /* CapsuleTextFieldStyle.swift */ = {isa = PBXFileReference; fileEncoding = 4; lastKnownFileType = sourcecode.swift; path = CapsuleTextFieldStyle.swift; sourceTree = "<group>"; };
		4D596AA92B60833E00B9E765 /* ToolbarView.swift */ = {isa = PBXFileReference; lastKnownFileType = sourcecode.swift; path = ToolbarView.swift; sourceTree = "<group>"; };
		4D596AAB2B6085FD00B9E765 /* AudioUtils.swift */ = {isa = PBXFileReference; lastKnownFileType = sourcecode.swift; path = AudioUtils.swift; sourceTree = "<group>"; };
		4D596AAE2B6197F700B9E765 /* AudioWidgetView.swift */ = {isa = PBXFileReference; lastKnownFileType = sourcecode.swift; path = AudioWidgetView.swift; sourceTree = "<group>"; };
		4D596AB02B61997100B9E765 /* Audio.swift */ = {isa = PBXFileReference; fileEncoding = 4; lastKnownFileType = sourcecode.swift; path = Audio.swift; sourceTree = "<group>"; };
		4D5B4BC42B48F3320067C543 /* ImageUtils.swift */ = {isa = PBXFileReference; fileEncoding = 4; lastKnownFileType = sourcecode.swift; path = ImageUtils.swift; sourceTree = "<group>"; };
		4D5EA4D22B61F01700CD7966 /* AudioTranscriptView.swift */ = {isa = PBXFileReference; lastKnownFileType = sourcecode.swift; path = AudioTranscriptView.swift; sourceTree = "<group>"; };
		4D7454EC2B44CFD500ABBB3A /* AppDelegate.swift */ = {isa = PBXFileReference; lastKnownFileType = sourcecode.swift; path = AppDelegate.swift; sourceTree = "<group>"; };
		4D785D7C2B53633200FBCE1A /* ModelWarmer.swift */ = {isa = PBXFileReference; lastKnownFileType = sourcecode.swift; path = ModelWarmer.swift; sourceTree = "<group>"; };
		4D7AB4202B4CAA1A007F025B /* ExpandedImageView.swift */ = {isa = PBXFileReference; lastKnownFileType = sourcecode.swift; path = ExpandedImageView.swift; sourceTree = "<group>"; };
		4D8E05292B2516DE00B60D0D /* ChatViewModel.swift */ = {isa = PBXFileReference; fileEncoding = 4; lastKnownFileType = sourcecode.swift; path = ChatViewModel.swift; sourceTree = "<group>"; };
		4D8E052A2B2516DE00B60D0D /* CommandViewModel.swift */ = {isa = PBXFileReference; fileEncoding = 4; lastKnownFileType = sourcecode.swift; path = CommandViewModel.swift; sourceTree = "<group>"; };
		4D8E052B2B2516DE00B60D0D /* MessageViewModel.swift */ = {isa = PBXFileReference; fileEncoding = 4; lastKnownFileType = sourcecode.swift; path = MessageViewModel.swift; sourceTree = "<group>"; };
		4D8E052D2B2516DE00B60D0D /* OllamaViewModel.swift */ = {isa = PBXFileReference; fileEncoding = 4; lastKnownFileType = sourcecode.swift; path = OllamaViewModel.swift; sourceTree = "<group>"; };
		4D8E052F2B2516DE00B60D0D /* GravityApp.swift */ = {isa = PBXFileReference; fileEncoding = 4; lastKnownFileType = sourcecode.swift; path = GravityApp.swift; sourceTree = "<group>"; };
		4D8E05312B2516DE00B60D0D /* Gravity.entitlements */ = {isa = PBXFileReference; fileEncoding = 4; lastKnownFileType = text.plist.entitlements; path = Gravity.entitlements; sourceTree = "<group>"; };
		4D8E05322B2516DE00B60D0D /* Assets.xcassets */ = {isa = PBXFileReference; lastKnownFileType = folder.assetcatalog; path = Assets.xcassets; sourceTree = "<group>"; };
		4D8E05352B2516DE00B60D0D /* AppMessages.swift */ = {isa = PBXFileReference; fileEncoding = 4; lastKnownFileType = sourcecode.swift; path = AppMessages.swift; sourceTree = "<group>"; };
		4D8E05372B2516DE00B60D0D /* Chat.swift */ = {isa = PBXFileReference; fileEncoding = 4; lastKnownFileType = sourcecode.swift; path = Chat.swift; sourceTree = "<group>"; };
		4D8E05382B2516DE00B60D0D /* Message.swift */ = {isa = PBXFileReference; fileEncoding = 4; lastKnownFileType = sourcecode.swift; path = Message.swift; sourceTree = "<group>"; };
		4D8E053B2B2516DE00B60D0D /* Preview Assets.xcassets */ = {isa = PBXFileReference; lastKnownFileType = folder.assetcatalog; path = "Preview Assets.xcassets"; sourceTree = "<group>"; };
		4D8E053D2B2516DE00B60D0D /* ModelContext+SaveChanges.swift */ = {isa = PBXFileReference; fileEncoding = 4; lastKnownFileType = sourcecode.swift; path = "ModelContext+SaveChanges.swift"; sourceTree = "<group>"; };
		4D8E05402B2516DE00B60D0D /* RenameChatView.swift */ = {isa = PBXFileReference; fileEncoding = 4; lastKnownFileType = sourcecode.swift; path = RenameChatView.swift; sourceTree = "<group>"; };
		4D8E05412B2516DE00B60D0D /* ChatContextMenu.swift */ = {isa = PBXFileReference; fileEncoding = 4; lastKnownFileType = sourcecode.swift; path = ChatContextMenu.swift; sourceTree = "<group>"; };
		4D8E05432B2516DE00B60D0D /* ChatSidebarListView.swift */ = {isa = PBXFileReference; fileEncoding = 4; lastKnownFileType = sourcecode.swift; path = ChatSidebarListView.swift; sourceTree = "<group>"; };
		4D8E05442B2516DE00B60D0D /* AppView.swift */ = {isa = PBXFileReference; fileEncoding = 4; lastKnownFileType = sourcecode.swift; path = AppView.swift; sourceTree = "<group>"; };
		4D8E05482B2516DE00B60D0D /* TextError.swift */ = {isa = PBXFileReference; fileEncoding = 4; lastKnownFileType = sourcecode.swift; path = TextError.swift; sourceTree = "<group>"; };
		4D8E054A2B2516DE00B60D0D /* MessageListItemView.swift */ = {isa = PBXFileReference; fileEncoding = 4; lastKnownFileType = sourcecode.swift; path = MessageListItemView.swift; sourceTree = "<group>"; };
		4D8E054B2B2516DE00B60D0D /* MessageView.swift */ = {isa = PBXFileReference; fileEncoding = 4; lastKnownFileType = sourcecode.swift; path = MessageView.swift; sourceTree = "<group>"; };
		4D9348C92B5B24C800D57BC2 /* DownloadManager.swift */ = {isa = PBXFileReference; lastKnownFileType = sourcecode.swift; path = DownloadManager.swift; sourceTree = "<group>"; };
		4DA82A4D2B508E400093905A /* UpdaterViewModel.swift */ = {isa = PBXFileReference; lastKnownFileType = sourcecode.swift; path = UpdaterViewModel.swift; sourceTree = "<group>"; };
		4DA893AF2B54C45300560DAD /* OnboardingView.swift */ = {isa = PBXFileReference; lastKnownFileType = sourcecode.swift; path = OnboardingView.swift; sourceTree = "<group>"; };
		4DA893B12B54C59400560DAD /* OnboardingIntroView.swift */ = {isa = PBXFileReference; lastKnownFileType = sourcecode.swift; path = OnboardingIntroView.swift; sourceTree = "<group>"; };
		4DA893B32B54CA5600560DAD /* OnboardingExplainerView.swift */ = {isa = PBXFileReference; lastKnownFileType = sourcecode.swift; path = OnboardingExplainerView.swift; sourceTree = "<group>"; };
		4DA893B52B54CA6100560DAD /* OnboardingEmailView.swift */ = {isa = PBXFileReference; lastKnownFileType = sourcecode.swift; path = OnboardingEmailView.swift; sourceTree = "<group>"; };
		4DA893B72B54F04C00560DAD /* OnboardingDownloadView.swift */ = {isa = PBXFileReference; lastKnownFileType = sourcecode.swift; path = OnboardingDownloadView.swift; sourceTree = "<group>"; };
		4DC610ED2B57369B00255358 /* SharedModelContainer.swift */ = {isa = PBXFileReference; lastKnownFileType = sourcecode.swift; path = SharedModelContainer.swift; sourceTree = "<group>"; };
		4DD282DB2B4DEF890041690B /* GeneralSettingsView.swift */ = {isa = PBXFileReference; lastKnownFileType = sourcecode.swift; path = GeneralSettingsView.swift; sourceTree = "<group>"; };
		4DD282E02B4DF7530041690B /* Shortcuts.swift */ = {isa = PBXFileReference; lastKnownFileType = sourcecode.swift; path = Shortcuts.swift; sourceTree = "<group>"; };
		4DD282E22B4E05B80041690B /* AdvancedSettingsView.swift */ = {isa = PBXFileReference; lastKnownFileType = sourcecode.swift; path = AdvancedSettingsView.swift; sourceTree = "<group>"; };
		4DD282E42B4E08660041690B /* AboutSettingsView.swift */ = {isa = PBXFileReference; lastKnownFileType = sourcecode.swift; path = AboutSettingsView.swift; sourceTree = "<group>"; };
		4DD2F7DF2B6206340052776E /* TabViewModel.swift */ = {isa = PBXFileReference; lastKnownFileType = sourcecode.swift; path = TabViewModel.swift; sourceTree = "<group>"; };
		4DDCE84F2B509F9800A22B1E /* Info.plist */ = {isa = PBXFileReference; fileEncoding = 4; lastKnownFileType = text.plist.xml; path = Info.plist; sourceTree = "<group>"; };
		4DE673792B17F46B00A5F9AE /* Gravity.app */ = {isa = PBXFileReference; explicitFileType = wrapper.application; includeInIndex = 0; path = Gravity.app; sourceTree = BUILT_PRODUCTS_DIR; };
		4DEF3F332B491CE200256ADE /* ollama-darwin */ = {isa = PBXFileReference; lastKnownFileType = "compiled.mach-o.executable"; path = "ollama-darwin"; sourceTree = "<group>"; };
/* End PBXFileReference section */

/* Begin PBXFrameworksBuildPhase section */
		4DE6736A2B17F46B00A5F9AE /* Frameworks */ = {
			isa = PBXFrameworksBuildPhase;
			buildActionMask = 2147483647;
			files = (
				4D596AA82B5F2D2F00B9E765 /* llama in Frameworks */,
				4DD282D92B4DEB6E0041690B /* SettingsKit in Frameworks */,
				4DE6736D2B17F46B00A5F9AE /* ViewState in Frameworks */,
				4D3D05162B59E1A3009340ED /* SwiftWhisper in Frameworks */,
				4DD282E82B4E3C4A0041690B /* LaunchAtLogin in Frameworks */,
				4DE6736E2B17F46B00A5F9AE /* MarkdownUI in Frameworks */,
				4DD282EB2B4E3D810041690B /* TelemetryClient in Frameworks */,
				4DE6736F2B17F46B00A5F9AE /* ViewCondition in Frameworks */,
				4DD282DF2B4DF7050041690B /* KeyboardShortcuts in Frameworks */,
				4DDCE8532B50BA0900A22B1E /* Sparkle in Frameworks */,
				4D8B537C2B2E499A0020FA6A /* OllamaKit in Frameworks */,
				4DE673702B17F46B00A5F9AE /* SwiftUIIntrospect in Frameworks */,
				4D3D05132B59DB32009340ED /* AudioKit in Frameworks */,
				4D7AB4242B4CB469007F025B /* Pow in Frameworks */,
				4DE673712B17F46B00A5F9AE /* OllamaKit in Frameworks */,
			);
			runOnlyForDeploymentPostprocessing = 0;
		};
/* End PBXFrameworksBuildPhase section */

/* Begin PBXGroup section */
		0A4D35782AF541D900846890 = {
			isa = PBXGroup;
			children = (
				4D8E05272B2516DE00B60D0D /* Gravity */,
				0A4D35822AF541D900846890 /* Products */,
				4DDCE8512B50BA0900A22B1E /* Frameworks */,
			);
			sourceTree = "<group>";
		};
		0A4D35822AF541D900846890 /* Products */ = {
			isa = PBXGroup;
			children = (
				4DE673792B17F46B00A5F9AE /* Gravity.app */,
			);
			name = Products;
			sourceTree = "<group>";
		};
		4D1FC3502B623147009DA851 /* Managers */ = {
			isa = PBXGroup;
			children = (
				4D0B52E32B590213008D975D /* AlertManager.swift */,
				4D4D11B82B37B5330095DA09 /* MessageViewModelManager.swift */,
				4D3D050F2B59D536009340ED /* WhisperManager.swift */,
			);
			path = Managers;
			sourceTree = "<group>";
		};
		4D596A9B2B5F2B3E00B9E765 /* ChatField */ = {
			isa = PBXGroup;
			children = (
				4D596A9C2B5F2B3E00B9E765 /* ChatField.swift */,
				4D596A9D2B5F2B3E00B9E765 /* Extensions */,
				4D596A9F2B5F2B3E00B9E765 /* Documentation.docc */,
				4D596AA02B5F2B3E00B9E765 /* Styles */,
			);
			path = ChatField;
			sourceTree = "<group>";
		};
		4D596A9D2B5F2B3E00B9E765 /* Extensions */ = {
			isa = PBXGroup;
			children = (
				4D596A9E2B5F2B3E00B9E765 /* String+AppendNewLine.swift */,
			);
			path = Extensions;
			sourceTree = "<group>";
		};
		4D596AA02B5F2B3E00B9E765 /* Styles */ = {
			isa = PBXGroup;
			children = (
				4D596AA12B5F2B3E00B9E765 /* CapsuleTextFieldStyle.swift */,
			);
			path = Styles;
			sourceTree = "<group>";
		};
		4D596AAD2B6197E200B9E765 /* AudioViews */ = {
			isa = PBXGroup;
			children = (
				4D596AAE2B6197F700B9E765 /* AudioWidgetView.swift */,
				4D5EA4D22B61F01700CD7966 /* AudioTranscriptView.swift */,
			);
			path = AudioViews;
			sourceTree = "<group>";
		};
		4D8E05272B2516DE00B60D0D /* Gravity */ = {
			isa = PBXGroup;
			children = (
				4D1FC3502B623147009DA851 /* Managers */,
				4D8E05282B2516DE00B60D0D /* ViewModels */,
				4D8E052E2B2516DE00B60D0D /* App */,
				4D8E05302B2516DE00B60D0D /* Resources */,
				4D8E05342B2516DE00B60D0D /* Utils */,
				4D8E05362B2516DE00B60D0D /* Models */,
				4D8E053A2B2516DE00B60D0D /* Preview Content */,
				4D8E053C2B2516DE00B60D0D /* Extensions */,
				4D8E053E2B2516DE00B60D0D /* Views */,
			);
			path = Gravity;
			sourceTree = "<group>";
		};
		4D8E05282B2516DE00B60D0D /* ViewModels */ = {
			isa = PBXGroup;
			children = (
				4D1FC34E2B62304E009DA851 /* AudioPlayerViewModel.swift */,
				4D8E05292B2516DE00B60D0D /* ChatViewModel.swift */,
				4D8E052A2B2516DE00B60D0D /* CommandViewModel.swift */,
				4D8E052B2B2516DE00B60D0D /* MessageViewModel.swift */,
				4D8E052D2B2516DE00B60D0D /* OllamaViewModel.swift */,
				4DA82A4D2B508E400093905A /* UpdaterViewModel.swift */,
				4DD2F7DF2B6206340052776E /* TabViewModel.swift */,
			);
			path = ViewModels;
			sourceTree = "<group>";
		};
		4D8E052E2B2516DE00B60D0D /* App */ = {
			isa = PBXGroup;
			children = (
				4D8E052F2B2516DE00B60D0D /* GravityApp.swift */,
				4D7454EC2B44CFD500ABBB3A /* AppDelegate.swift */,
				4DD282E02B4DF7530041690B /* Shortcuts.swift */,
			);
			path = App;
			sourceTree = "<group>";
		};
		4D8E05302B2516DE00B60D0D /* Resources */ = {
			isa = PBXGroup;
			children = (
				4DDCE84F2B509F9800A22B1E /* Info.plist */,
				4DEF3F332B491CE200256ADE /* ollama-darwin */,
				4D8E05312B2516DE00B60D0D /* Gravity.entitlements */,
				4D8E05322B2516DE00B60D0D /* Assets.xcassets */,
			);
			path = Resources;
			sourceTree = "<group>";
		};
		4D8E05342B2516DE00B60D0D /* Utils */ = {
			isa = PBXGroup;
			children = (
				4D5B4BC42B48F3320067C543 /* ImageUtils.swift */,
				4D8E05352B2516DE00B60D0D /* AppMessages.swift */,
				4D785D7C2B53633200FBCE1A /* ModelWarmer.swift */,
				4D0B52E12B58FF0B008D975D /* CheckConnectivity.swift */,
				4D9348C92B5B24C800D57BC2 /* DownloadManager.swift */,
				4D596AAB2B6085FD00B9E765 /* AudioUtils.swift */,
			);
			path = Utils;
			sourceTree = "<group>";
		};
		4D8E05362B2516DE00B60D0D /* Models */ = {
			isa = PBXGroup;
			children = (
				4D596AB02B61997100B9E765 /* Audio.swift */,
				4D8E05372B2516DE00B60D0D /* Chat.swift */,
				4D8E05382B2516DE00B60D0D /* Message.swift */,
				4DC610ED2B57369B00255358 /* SharedModelContainer.swift */,
			);
			path = Models;
			sourceTree = "<group>";
		};
		4D8E053A2B2516DE00B60D0D /* Preview Content */ = {
			isa = PBXGroup;
			children = (
				4D8E053B2B2516DE00B60D0D /* Preview Assets.xcassets */,
			);
			path = "Preview Content";
			sourceTree = "<group>";
		};
		4D8E053C2B2516DE00B60D0D /* Extensions */ = {
			isa = PBXGroup;
			children = (
				4D8E053D2B2516DE00B60D0D /* ModelContext+SaveChanges.swift */,
				4D2564BA2B61D08200F2D089 /* SwiftUI+HexColors.swift */,
			);
			path = Extensions;
			sourceTree = "<group>";
		};
		4D8E053E2B2516DE00B60D0D /* Views */ = {
			isa = PBXGroup;
			children = (
				4D596AAD2B6197E200B9E765 /* AudioViews */,
				4DA893AE2B54C44200560DAD /* OnboardingViews */,
				4DD282DA2B4DEF6E0041690B /* SettingViews */,
				4D8E053F2B2516DE00B60D0D /* ChatViews */,
				4D8E05442B2516DE00B60D0D /* AppView.swift */,
				4D8E05452B2516DE00B60D0D /* CommonViews */,
				4D8E05492B2516DE00B60D0D /* MessageViews */,
			);
			path = Views;
			sourceTree = "<group>";
		};
		4D8E053F2B2516DE00B60D0D /* ChatViews */ = {
			isa = PBXGroup;
			children = (
				4D596A9B2B5F2B3E00B9E765 /* ChatField */,
				4D8E05402B2516DE00B60D0D /* RenameChatView.swift */,
				4D8E05412B2516DE00B60D0D /* ChatContextMenu.swift */,
				4D8E05432B2516DE00B60D0D /* ChatSidebarListView.swift */,
			);
			path = ChatViews;
			sourceTree = "<group>";
		};
		4D8E05452B2516DE00B60D0D /* CommonViews */ = {
			isa = PBXGroup;
			children = (
				4D8E05482B2516DE00B60D0D /* TextError.swift */,
				4D596AA92B60833E00B9E765 /* ToolbarView.swift */,
			);
			path = CommonViews;
			sourceTree = "<group>";
		};
		4D8E05492B2516DE00B60D0D /* MessageViews */ = {
			isa = PBXGroup;
			children = (
				4D8E054A2B2516DE00B60D0D /* MessageListItemView.swift */,
				4D8E054B2B2516DE00B60D0D /* MessageView.swift */,
				4D7AB4202B4CAA1A007F025B /* ExpandedImageView.swift */,
			);
			path = MessageViews;
			sourceTree = "<group>";
		};
		4DA893AE2B54C44200560DAD /* OnboardingViews */ = {
			isa = PBXGroup;
			children = (
				4DA893AF2B54C45300560DAD /* OnboardingView.swift */,
				4DA893B12B54C59400560DAD /* OnboardingIntroView.swift */,
				4DA893B32B54CA5600560DAD /* OnboardingExplainerView.swift */,
				4DA893B52B54CA6100560DAD /* OnboardingEmailView.swift */,
				4DA893B72B54F04C00560DAD /* OnboardingDownloadView.swift */,
			);
			path = OnboardingViews;
			sourceTree = "<group>";
		};
		4DD282DA2B4DEF6E0041690B /* SettingViews */ = {
			isa = PBXGroup;
			children = (
				4DD282DB2B4DEF890041690B /* GeneralSettingsView.swift */,
				4DD282E22B4E05B80041690B /* AdvancedSettingsView.swift */,
				4DD282E42B4E08660041690B /* AboutSettingsView.swift */,
			);
			path = SettingViews;
			sourceTree = "<group>";
		};
		4DDCE8512B50BA0900A22B1E /* Frameworks */ = {
			isa = PBXGroup;
			children = (
			);
			name = Frameworks;
			sourceTree = "<group>";
		};
/* End PBXGroup section */

/* Begin PBXNativeTarget section */
		4DE673452B17F46B00A5F9AE /* Gravity */ = {
			isa = PBXNativeTarget;
			buildConfigurationList = 4DE673762B17F46B00A5F9AE /* Build configuration list for PBXNativeTarget "Gravity" */;
			buildPhases = (
				4DE673542B17F46B00A5F9AE /* Sources */,
				4DE6736A2B17F46B00A5F9AE /* Frameworks */,
				4DE673722B17F46B00A5F9AE /* Resources */,
			);
			buildRules = (
			);
			dependencies = (
			);
			name = Gravity;
			packageProductDependencies = (
				4DE673482B17F46B00A5F9AE /* ViewState */,
				4DE6734A2B17F46B00A5F9AE /* SwiftUIIntrospect */,
				4DE6734C2B17F46B00A5F9AE /* ViewCondition */,
				4DE6734E2B17F46B00A5F9AE /* MarkdownUI */,
				4DE673522B17F46B00A5F9AE /* OllamaKit */,
				4D8B537B2B2E499A0020FA6A /* OllamaKit */,
				4D7AB4232B4CB469007F025B /* Pow */,
				4DD282D82B4DEB6E0041690B /* SettingsKit */,
				4DD282DE2B4DF7050041690B /* KeyboardShortcuts */,
				4DD282E72B4E3C4A0041690B /* LaunchAtLogin */,
				4DD282EA2B4E3D810041690B /* TelemetryClient */,
				4DDCE8522B50BA0900A22B1E /* Sparkle */,
				4D3D05122B59DB32009340ED /* AudioKit */,
				4D3D05152B59E1A3009340ED /* SwiftWhisper */,
				4D596AA72B5F2D2F00B9E765 /* llama */,
			);
			productName = Ollamac;
			productReference = 4DE673792B17F46B00A5F9AE /* Gravity.app */;
			productType = "com.apple.product-type.application";
		};
/* End PBXNativeTarget section */

/* Begin PBXProject section */
		0A4D35792AF541D900846890 /* Project object */ = {
			isa = PBXProject;
			attributes = {
				BuildIndependentTargetsInParallel = 1;
				LastSwiftUpdateCheck = 1500;
				LastUpgradeCheck = 1520;
			};
			buildConfigurationList = 0A4D357C2AF541D900846890 /* Build configuration list for PBXProject "Gravity" */;
			compatibilityVersion = "Xcode 14.0";
			developmentRegion = en;
			hasScannedForEncodings = 0;
			knownRegions = (
				en,
				Base,
			);
			mainGroup = 0A4D35782AF541D900846890;
			packageReferences = (
				0AA41A152AF635AD0053B8DB /* XCRemoteSwiftPackageReference "ViewState" */,
				0ACA4D5C2AF7AC43000DA76F /* XCRemoteSwiftPackageReference "swiftui-introspect" */,
				0ACA4D712AF88DB6000DA76F /* XCRemoteSwiftPackageReference "ViewCondition" */,
				0ACA4D742AF89C27000DA76F /* XCRemoteSwiftPackageReference "swift-markdown-ui" */,
				0AE024812AFB898300347C18 /* XCRemoteSwiftPackageReference "Sparkle" */,
				4D8B537A2B2E499A0020FA6A /* XCRemoteSwiftPackageReference "OllamaKit" */,
				4D7AB4222B4CB469007F025B /* XCRemoteSwiftPackageReference "Pow" */,
				4DD282D72B4DEB6E0041690B /* XCRemoteSwiftPackageReference "SettingsKit-macOS" */,
				4DD282DD2B4DF7050041690B /* XCRemoteSwiftPackageReference "KeyboardShortcuts" */,
				4DD282E62B4E3C4A0041690B /* XCRemoteSwiftPackageReference "LaunchAtLogin-Modern" */,
				4DD282E92B4E3D810041690B /* XCRemoteSwiftPackageReference "SwiftClient" */,
				4D3D05112B59DB32009340ED /* XCRemoteSwiftPackageReference "AudioKit" */,
				4D3D05142B59E1A3009340ED /* XCRemoteSwiftPackageReference "SwiftWhisper" */,
				4D596AA62B5F2D2F00B9E765 /* XCRemoteSwiftPackageReference "llama.cpp" */,
			);
			productRefGroup = 0A4D35822AF541D900846890 /* Products */;
			projectDirPath = "";
			projectRoot = "";
			targets = (
				4DE673452B17F46B00A5F9AE /* Gravity */,
			);
		};
/* End PBXProject section */

/* Begin PBXResourcesBuildPhase section */
		4DE673722B17F46B00A5F9AE /* Resources */ = {
			isa = PBXResourcesBuildPhase;
			buildActionMask = 2147483647;
			files = (
				4D8E05582B2516DE00B60D0D /* Preview Assets.xcassets in Resources */,
				4DEF3F342B491CE200256ADE /* ollama-darwin in Resources */,
				4D8E05522B2516DE00B60D0D /* Assets.xcassets in Resources */,
			);
			runOnlyForDeploymentPostprocessing = 0;
		};
/* End PBXResourcesBuildPhase section */

/* Begin PBXSourcesBuildPhase section */
		4DE673542B17F46B00A5F9AE /* Sources */ = {
			isa = PBXSourcesBuildPhase;
			buildActionMask = 2147483647;
			files = (
				4D7454ED2B44CFD500ABBB3A /* AppDelegate.swift in Sources */,
				4D596AA52B5F2B3E00B9E765 /* CapsuleTextFieldStyle.swift in Sources */,
				4D8E054D2B2516DE00B60D0D /* CommandViewModel.swift in Sources */,
				4DA893B62B54CA6100560DAD /* OnboardingEmailView.swift in Sources */,
				4D8E054E2B2516DE00B60D0D /* MessageViewModel.swift in Sources */,
				4DC610EE2B57369B00255358 /* SharedModelContainer.swift in Sources */,
				4D8E055D2B2516DE00B60D0D /* ChatSidebarListView.swift in Sources */,
				4D8E055E2B2516DE00B60D0D /* AppView.swift in Sources */,
				4D4D11B92B37B5330095DA09 /* MessageViewModelManager.swift in Sources */,
				4DD282E52B4E08660041690B /* AboutSettingsView.swift in Sources */,
				4D8E05562B2516DE00B60D0D /* Message.swift in Sources */,
				4D9348CA2B5B24C800D57BC2 /* DownloadManager.swift in Sources */,
				4D8E054C2B2516DE00B60D0D /* ChatViewModel.swift in Sources */,
				4DA893B42B54CA5600560DAD /* OnboardingExplainerView.swift in Sources */,
				4DD282DC2B4DEF890041690B /* GeneralSettingsView.swift in Sources */,
				4DD2F7E02B6206340052776E /* TabViewModel.swift in Sources */,
				4D1FC34F2B62304E009DA851 /* AudioPlayerViewModel.swift in Sources */,
				4D8E05502B2516DE00B60D0D /* OllamaViewModel.swift in Sources */,
				4D8E05552B2516DE00B60D0D /* Chat.swift in Sources */,
				4D596AAA2B60833E00B9E765 /* ToolbarView.swift in Sources */,
				4D596AB12B61997100B9E765 /* Audio.swift in Sources */,
				4D8E05612B2516DE00B60D0D /* TextError.swift in Sources */,
				4DD282E32B4E05B80041690B /* AdvancedSettingsView.swift in Sources */,
				4D3D05102B59D536009340ED /* WhisperManager.swift in Sources */,
				4D0B52E22B58FF0B008D975D /* CheckConnectivity.swift in Sources */,
				4D7AB4212B4CAA1A007F025B /* ExpandedImageView.swift in Sources */,
				4D596AA32B5F2B3E00B9E765 /* String+AppendNewLine.swift in Sources */,
				4D5EA4D32B61F01700CD7966 /* AudioTranscriptView.swift in Sources */,
				4D596AA22B5F2B3E00B9E765 /* ChatField.swift in Sources */,
				4DD282E12B4DF7530041690B /* Shortcuts.swift in Sources */,
				4D8E05632B2516DE00B60D0D /* MessageView.swift in Sources */,
				4DA82A4E2B508E400093905A /* UpdaterViewModel.swift in Sources */,
				4D596AA42B5F2B3E00B9E765 /* Documentation.docc in Sources */,
				4DA893B02B54C45300560DAD /* OnboardingView.swift in Sources */,
				4D2564BB2B61D08200F2D089 /* SwiftUI+HexColors.swift in Sources */,
				4D8E05512B2516DE00B60D0D /* GravityApp.swift in Sources */,
				4D785D7D2B53633200FBCE1A /* ModelWarmer.swift in Sources */,
				4D0B52E42B590213008D975D /* AlertManager.swift in Sources */,
				4D8E05542B2516DE00B60D0D /* AppMessages.swift in Sources */,
				4D8E05622B2516DE00B60D0D /* MessageListItemView.swift in Sources */,
				4DA893B82B54F04C00560DAD /* OnboardingDownloadView.swift in Sources */,
				4D596AAF2B6197F700B9E765 /* AudioWidgetView.swift in Sources */,
				4D596AAC2B6085FD00B9E765 /* AudioUtils.swift in Sources */,
				4D8E055B2B2516DE00B60D0D /* ChatContextMenu.swift in Sources */,
				4D8E055A2B2516DE00B60D0D /* RenameChatView.swift in Sources */,
				4D8E05592B2516DE00B60D0D /* ModelContext+SaveChanges.swift in Sources */,
				4D5B4BC52B48F3320067C543 /* ImageUtils.swift in Sources */,
				4DA893B22B54C59400560DAD /* OnboardingIntroView.swift in Sources */,
			);
			runOnlyForDeploymentPostprocessing = 0;
		};
/* End PBXSourcesBuildPhase section */

/* Begin XCBuildConfiguration section */
		0A4D35902AF541DA00846890 /* Debug */ = {
			isa = XCBuildConfiguration;
			buildSettings = {
				ALWAYS_SEARCH_USER_PATHS = NO;
				ASSETCATALOG_COMPILER_GENERATE_SWIFT_ASSET_SYMBOL_EXTENSIONS = YES;
				CLANG_ANALYZER_NONNULL = YES;
				CLANG_ANALYZER_NUMBER_OBJECT_CONVERSION = YES_AGGRESSIVE;
				CLANG_CXX_LANGUAGE_STANDARD = "gnu++20";
				CLANG_ENABLE_MODULES = YES;
				CLANG_ENABLE_OBJC_ARC = YES;
				CLANG_ENABLE_OBJC_WEAK = YES;
				CLANG_WARN_BLOCK_CAPTURE_AUTORELEASING = YES;
				CLANG_WARN_BOOL_CONVERSION = YES;
				CLANG_WARN_COMMA = YES;
				CLANG_WARN_CONSTANT_CONVERSION = YES;
				CLANG_WARN_DEPRECATED_OBJC_IMPLEMENTATIONS = YES;
				CLANG_WARN_DIRECT_OBJC_ISA_USAGE = YES_ERROR;
				CLANG_WARN_DOCUMENTATION_COMMENTS = YES;
				CLANG_WARN_EMPTY_BODY = YES;
				CLANG_WARN_ENUM_CONVERSION = YES;
				CLANG_WARN_INFINITE_RECURSION = YES;
				CLANG_WARN_INT_CONVERSION = YES;
				CLANG_WARN_NON_LITERAL_NULL_CONVERSION = YES;
				CLANG_WARN_OBJC_IMPLICIT_RETAIN_SELF = YES;
				CLANG_WARN_OBJC_LITERAL_CONVERSION = YES;
				CLANG_WARN_OBJC_ROOT_CLASS = YES_ERROR;
				CLANG_WARN_QUOTED_INCLUDE_IN_FRAMEWORK_HEADER = YES;
				CLANG_WARN_RANGE_LOOP_ANALYSIS = YES;
				CLANG_WARN_STRICT_PROTOTYPES = YES;
				CLANG_WARN_SUSPICIOUS_MOVE = YES;
				CLANG_WARN_UNGUARDED_AVAILABILITY = YES_AGGRESSIVE;
				CLANG_WARN_UNREACHABLE_CODE = YES;
				CLANG_WARN__DUPLICATE_METHOD_MATCH = YES;
				COPY_PHASE_STRIP = NO;
				DEAD_CODE_STRIPPING = YES;
				DEBUG_INFORMATION_FORMAT = dwarf;
				ENABLE_STRICT_OBJC_MSGSEND = YES;
				ENABLE_TESTABILITY = YES;
				ENABLE_USER_SCRIPT_SANDBOXING = YES;
				GCC_C_LANGUAGE_STANDARD = gnu17;
				GCC_DYNAMIC_NO_PIC = NO;
				GCC_NO_COMMON_BLOCKS = YES;
				GCC_OPTIMIZATION_LEVEL = 0;
				GCC_PREPROCESSOR_DEFINITIONS = (
					"DEBUG=1",
					"$(inherited)",
				);
				GCC_WARN_64_TO_32_BIT_CONVERSION = YES;
				GCC_WARN_ABOUT_RETURN_TYPE = YES_ERROR;
				GCC_WARN_UNDECLARED_SELECTOR = YES;
				GCC_WARN_UNINITIALIZED_AUTOS = YES_AGGRESSIVE;
				GCC_WARN_UNUSED_FUNCTION = YES;
				GCC_WARN_UNUSED_VARIABLE = YES;
				LOCALIZATION_PREFERS_STRING_CATALOGS = YES;
				MACOSX_DEPLOYMENT_TARGET = 14.0;
				MTL_ENABLE_DEBUG_INFO = INCLUDE_SOURCE;
				MTL_FAST_MATH = YES;
				ONLY_ACTIVE_ARCH = YES;
				PRODUCT_NAME = Gravity;
				SDKROOT = macosx;
				SWIFT_ACTIVE_COMPILATION_CONDITIONS = "DEBUG $(inherited)";
				SWIFT_OPTIMIZATION_LEVEL = "-Onone";
				SWIFT_VERSION = 5.0;
			};
			name = Debug;
		};
		0A4D35912AF541DA00846890 /* Release */ = {
			isa = XCBuildConfiguration;
			buildSettings = {
				ALWAYS_SEARCH_USER_PATHS = NO;
				ASSETCATALOG_COMPILER_GENERATE_SWIFT_ASSET_SYMBOL_EXTENSIONS = YES;
				CLANG_ANALYZER_NONNULL = YES;
				CLANG_ANALYZER_NUMBER_OBJECT_CONVERSION = YES_AGGRESSIVE;
				CLANG_CXX_LANGUAGE_STANDARD = "gnu++20";
				CLANG_ENABLE_MODULES = YES;
				CLANG_ENABLE_OBJC_ARC = YES;
				CLANG_ENABLE_OBJC_WEAK = YES;
				CLANG_WARN_BLOCK_CAPTURE_AUTORELEASING = YES;
				CLANG_WARN_BOOL_CONVERSION = YES;
				CLANG_WARN_COMMA = YES;
				CLANG_WARN_CONSTANT_CONVERSION = YES;
				CLANG_WARN_DEPRECATED_OBJC_IMPLEMENTATIONS = YES;
				CLANG_WARN_DIRECT_OBJC_ISA_USAGE = YES_ERROR;
				CLANG_WARN_DOCUMENTATION_COMMENTS = YES;
				CLANG_WARN_EMPTY_BODY = YES;
				CLANG_WARN_ENUM_CONVERSION = YES;
				CLANG_WARN_INFINITE_RECURSION = YES;
				CLANG_WARN_INT_CONVERSION = YES;
				CLANG_WARN_NON_LITERAL_NULL_CONVERSION = YES;
				CLANG_WARN_OBJC_IMPLICIT_RETAIN_SELF = YES;
				CLANG_WARN_OBJC_LITERAL_CONVERSION = YES;
				CLANG_WARN_OBJC_ROOT_CLASS = YES_ERROR;
				CLANG_WARN_QUOTED_INCLUDE_IN_FRAMEWORK_HEADER = YES;
				CLANG_WARN_RANGE_LOOP_ANALYSIS = YES;
				CLANG_WARN_STRICT_PROTOTYPES = YES;
				CLANG_WARN_SUSPICIOUS_MOVE = YES;
				CLANG_WARN_UNGUARDED_AVAILABILITY = YES_AGGRESSIVE;
				CLANG_WARN_UNREACHABLE_CODE = YES;
				CLANG_WARN__DUPLICATE_METHOD_MATCH = YES;
				COPY_PHASE_STRIP = NO;
				DEAD_CODE_STRIPPING = YES;
				DEBUG_INFORMATION_FORMAT = "dwarf-with-dsym";
				ENABLE_NS_ASSERTIONS = NO;
				ENABLE_STRICT_OBJC_MSGSEND = YES;
				ENABLE_USER_SCRIPT_SANDBOXING = YES;
				GCC_C_LANGUAGE_STANDARD = gnu17;
				GCC_NO_COMMON_BLOCKS = YES;
				GCC_WARN_64_TO_32_BIT_CONVERSION = YES;
				GCC_WARN_ABOUT_RETURN_TYPE = YES_ERROR;
				GCC_WARN_UNDECLARED_SELECTOR = YES;
				GCC_WARN_UNINITIALIZED_AUTOS = YES_AGGRESSIVE;
				GCC_WARN_UNUSED_FUNCTION = YES;
				GCC_WARN_UNUSED_VARIABLE = YES;
				LOCALIZATION_PREFERS_STRING_CATALOGS = YES;
				MACOSX_DEPLOYMENT_TARGET = 14.0;
				MTL_ENABLE_DEBUG_INFO = NO;
				MTL_FAST_MATH = YES;
				PRODUCT_NAME = Gravity;
				SDKROOT = macosx;
				SWIFT_COMPILATION_MODE = wholemodule;
				SWIFT_VERSION = 5.0;
			};
			name = Release;
		};
		4DE673772B17F46B00A5F9AE /* Debug */ = {
			isa = XCBuildConfiguration;
			buildSettings = {
				ASSETCATALOG_COMPILER_APPICON_NAME = AppIcon;
				ASSETCATALOG_COMPILER_GLOBAL_ACCENT_COLOR_NAME = AccentColor;
				ASSETCATALOG_COMPILER_INCLUDE_ALL_APPICON_ASSETS = YES;
				CODE_SIGN_ENTITLEMENTS = Gravity/Resources/Gravity.entitlements;
				"CODE_SIGN_IDENTITY[sdk=macosx*]" = "Apple Development";
				CODE_SIGN_STYLE = Automatic;
				COMBINE_HIDPI_IMAGES = YES;
				CURRENT_PROJECT_VERSION = 18;
				DEVELOPMENT_TEAM = U854WW4U2R;
				ENABLE_HARDENED_RUNTIME = YES;
				ENABLE_PREVIEWS = YES;
				GENERATE_INFOPLIST_FILE = YES;
				INFOPLIST_FILE = Gravity/Resources/Info.plist;
				INFOPLIST_KEY_CFBundleDisplayName = Gravity;
				INFOPLIST_KEY_LSApplicationCategoryType = "public.app-category.productivity";
				INFOPLIST_KEY_NSHumanReadableCopyright = "Copyright © Invisiblity Inc. All rights reserved.";
				LD_RUNPATH_SEARCH_PATHS = (
					"$(inherited)",
					"@executable_path/../Frameworks",
				);
				MACOSX_DEPLOYMENT_TARGET = 14.0;
				MARKETING_VERSION = 1.4.0;
				PRODUCT_BUNDLE_IDENTIFIER = ai.grav.app;
				PRODUCT_NAME = "$(TARGET_NAME)";
				SWIFT_EMIT_LOC_STRINGS = YES;
				SWIFT_VERSION = 5.0;
			};
			name = Debug;
		};
		4DE673782B17F46B00A5F9AE /* Release */ = {
			isa = XCBuildConfiguration;
			buildSettings = {
				ASSETCATALOG_COMPILER_APPICON_NAME = AppIcon;
				ASSETCATALOG_COMPILER_GLOBAL_ACCENT_COLOR_NAME = AccentColor;
				ASSETCATALOG_COMPILER_INCLUDE_ALL_APPICON_ASSETS = YES;
				CODE_SIGN_ENTITLEMENTS = Gravity/Resources/Gravity.entitlements;
				"CODE_SIGN_IDENTITY[sdk=macosx*]" = "Apple Development";
				CODE_SIGN_STYLE = Automatic;
				COMBINE_HIDPI_IMAGES = YES;
				CURRENT_PROJECT_VERSION = 18;
				DEAD_CODE_STRIPPING = YES;
				DEVELOPMENT_TEAM = U854WW4U2R;
				ENABLE_HARDENED_RUNTIME = YES;
				ENABLE_PREVIEWS = YES;
				GENERATE_INFOPLIST_FILE = YES;
				INFOPLIST_FILE = Gravity/Resources/Info.plist;
				INFOPLIST_KEY_CFBundleDisplayName = Gravity;
				INFOPLIST_KEY_LSApplicationCategoryType = "public.app-category.productivity";
				INFOPLIST_KEY_NSHumanReadableCopyright = "Copyright © Invisiblity Inc. All rights reserved.";
				LD_RUNPATH_SEARCH_PATHS = (
					"$(inherited)",
					"@executable_path/../Frameworks",
				);
				MACOSX_DEPLOYMENT_TARGET = 14.0;
				MARKETING_VERSION = 1.4.0;
				PRODUCT_BUNDLE_IDENTIFIER = ai.grav.app;
				PRODUCT_NAME = "$(TARGET_NAME)";
				SWIFT_EMIT_LOC_STRINGS = YES;
				SWIFT_VERSION = 5.0;
			};
			name = Release;
		};
/* End XCBuildConfiguration section */

/* Begin XCConfigurationList section */
		0A4D357C2AF541D900846890 /* Build configuration list for PBXProject "Gravity" */ = {
			isa = XCConfigurationList;
			buildConfigurations = (
				0A4D35902AF541DA00846890 /* Debug */,
				0A4D35912AF541DA00846890 /* Release */,
			);
			defaultConfigurationIsVisible = 0;
			defaultConfigurationName = Release;
		};
		4DE673762B17F46B00A5F9AE /* Build configuration list for PBXNativeTarget "Gravity" */ = {
			isa = XCConfigurationList;
			buildConfigurations = (
				4DE673772B17F46B00A5F9AE /* Debug */,
				4DE673782B17F46B00A5F9AE /* Release */,
			);
			defaultConfigurationIsVisible = 0;
			defaultConfigurationName = Release;
		};
/* End XCConfigurationList section */

/* Begin XCRemoteSwiftPackageReference section */
		0AA41A152AF635AD0053B8DB /* XCRemoteSwiftPackageReference "ViewState" */ = {
			isa = XCRemoteSwiftPackageReference;
			repositoryURL = "https://github.com/kevinhermawan/ViewState.git";
			requirement = {
				kind = upToNextMajorVersion;
				minimumVersion = 1.2.1;
			};
		};
		0ACA4D5C2AF7AC43000DA76F /* XCRemoteSwiftPackageReference "swiftui-introspect" */ = {
			isa = XCRemoteSwiftPackageReference;
			repositoryURL = "https://github.com/siteline/swiftui-introspect";
			requirement = {
				kind = upToNextMajorVersion;
				minimumVersion = 1.1.1;
			};
		};
		0ACA4D712AF88DB6000DA76F /* XCRemoteSwiftPackageReference "ViewCondition" */ = {
			isa = XCRemoteSwiftPackageReference;
			repositoryURL = "https://github.com/kevinhermawan/ViewCondition";
			requirement = {
				kind = upToNextMajorVersion;
				minimumVersion = 1.0.0;
			};
		};
		0ACA4D742AF89C27000DA76F /* XCRemoteSwiftPackageReference "swift-markdown-ui" */ = {
			isa = XCRemoteSwiftPackageReference;
			repositoryURL = "https://github.com/gonzalezreal/swift-markdown-ui";
			requirement = {
				kind = upToNextMajorVersion;
				minimumVersion = 2.2.0;
			};
		};
		0AE024812AFB898300347C18 /* XCRemoteSwiftPackageReference "Sparkle" */ = {
			isa = XCRemoteSwiftPackageReference;
			repositoryURL = "https://github.com/sparkle-project/Sparkle";
			requirement = {
				kind = upToNextMajorVersion;
				minimumVersion = 2.5.1;
			};
		};
		4D3D05112B59DB32009340ED /* XCRemoteSwiftPackageReference "AudioKit" */ = {
			isa = XCRemoteSwiftPackageReference;
			repositoryURL = "https://github.com/AudioKit/AudioKit.git";
			requirement = {
				kind = upToNextMajorVersion;
				minimumVersion = 5.6.2;
			};
		};
		4D3D05142B59E1A3009340ED /* XCRemoteSwiftPackageReference "SwiftWhisper" */ = {
			isa = XCRemoteSwiftPackageReference;
			repositoryURL = "https://github.com/djmango/SwiftWhisper.git";
			requirement = {
				branch = master;
				kind = branch;
			};
		};
		4D596AA62B5F2D2F00B9E765 /* XCRemoteSwiftPackageReference "llama.cpp" */ = {
			isa = XCRemoteSwiftPackageReference;
			repositoryURL = "https://github.com/ggerganov/llama.cpp.git";
			requirement = {
				branch = master;
				kind = branch;
			};
		};
		4D7AB4222B4CB469007F025B /* XCRemoteSwiftPackageReference "Pow" */ = {
			isa = XCRemoteSwiftPackageReference;
			repositoryURL = "https://github.com/EmergeTools/Pow.git";
			requirement = {
				kind = upToNextMajorVersion;
				minimumVersion = 1.0.3;
			};
		};
		4D8B537A2B2E499A0020FA6A /* XCRemoteSwiftPackageReference "OllamaKit" */ = {
			isa = XCRemoteSwiftPackageReference;
			repositoryURL = "https://github.com/djmango/OllamaKit";
			requirement = {
				branch = master;
				kind = branch;
			};
		};
		4DD282D72B4DEB6E0041690B /* XCRemoteSwiftPackageReference "SettingsKit-macOS" */ = {
			isa = XCRemoteSwiftPackageReference;
			repositoryURL = "https://github.com/david-swift/SettingsKit-macOS";
			requirement = {
				kind = upToNextMajorVersion;
				minimumVersion = 0.2.3;
			};
		};
		4DD282DD2B4DF7050041690B /* XCRemoteSwiftPackageReference "KeyboardShortcuts" */ = {
			isa = XCRemoteSwiftPackageReference;
			repositoryURL = "https://github.com/sindresorhus/KeyboardShortcuts";
			requirement = {
				kind = upToNextMajorVersion;
				minimumVersion = 1.16.1;
			};
		};
		4DD282E62B4E3C4A0041690B /* XCRemoteSwiftPackageReference "LaunchAtLogin-Modern" */ = {
			isa = XCRemoteSwiftPackageReference;
			repositoryURL = "https://github.com/sindresorhus/LaunchAtLogin-Modern.git";
			requirement = {
				branch = main;
				kind = branch;
			};
		};
		4DD282E92B4E3D810041690B /* XCRemoteSwiftPackageReference "SwiftClient" */ = {
			isa = XCRemoteSwiftPackageReference;
			repositoryURL = "https://github.com/TelemetryDeck/SwiftClient";
			requirement = {
				kind = upToNextMajorVersion;
				minimumVersion = 1.5.0;
			};
		};
		4DE673492B17F46B00A5F9AE /* XCRemoteSwiftPackageReference "ViewState" */ = {
			isa = XCRemoteSwiftPackageReference;
			repositoryURL = "https://github.com/kevinhermawan/ViewState.git";
			requirement = {
				kind = upToNextMajorVersion;
				minimumVersion = 1.2.1;
			};
		};
		4DE6734B2B17F46B00A5F9AE /* XCRemoteSwiftPackageReference "swiftui-introspect" */ = {
			isa = XCRemoteSwiftPackageReference;
			repositoryURL = "https://github.com/siteline/swiftui-introspect";
			requirement = {
				kind = upToNextMajorVersion;
				minimumVersion = 1.1.1;
			};
		};
		4DE6734D2B17F46B00A5F9AE /* XCRemoteSwiftPackageReference "ViewCondition" */ = {
			isa = XCRemoteSwiftPackageReference;
			repositoryURL = "https://github.com/kevinhermawan/ViewCondition";
			requirement = {
				kind = upToNextMajorVersion;
				minimumVersion = 1.0.0;
			};
		};
		4DE6734F2B17F46B00A5F9AE /* XCRemoteSwiftPackageReference "swift-markdown-ui" */ = {
			isa = XCRemoteSwiftPackageReference;
			repositoryURL = "https://github.com/gonzalezreal/swift-markdown-ui";
			requirement = {
				kind = upToNextMajorVersion;
				minimumVersion = 2.2.0;
			};
		};
		4DE673532B17F46B00A5F9AE /* XCRemoteSwiftPackageReference "OllamaKit" */ = {
			isa = XCRemoteSwiftPackageReference;
			repositoryURL = "https://github.com/kevinhermawan/OllamaKit";
			requirement = {
				kind = upToNextMajorVersion;
				minimumVersion = 2.0.0;
			};
		};
/* End XCRemoteSwiftPackageReference section */

/* Begin XCSwiftPackageProductDependency section */
		4D3D05122B59DB32009340ED /* AudioKit */ = {
			isa = XCSwiftPackageProductDependency;
			package = 4D3D05112B59DB32009340ED /* XCRemoteSwiftPackageReference "AudioKit" */;
			productName = AudioKit;
		};
		4D3D05152B59E1A3009340ED /* SwiftWhisper */ = {
			isa = XCSwiftPackageProductDependency;
			package = 4D3D05142B59E1A3009340ED /* XCRemoteSwiftPackageReference "SwiftWhisper" */;
			productName = SwiftWhisper;
		};
		4D596AA72B5F2D2F00B9E765 /* llama */ = {
			isa = XCSwiftPackageProductDependency;
			package = 4D596AA62B5F2D2F00B9E765 /* XCRemoteSwiftPackageReference "llama.cpp" */;
			productName = llama;
		};
		4D7AB4232B4CB469007F025B /* Pow */ = {
			isa = XCSwiftPackageProductDependency;
			package = 4D7AB4222B4CB469007F025B /* XCRemoteSwiftPackageReference "Pow" */;
			productName = Pow;
		};
		4D8B537B2B2E499A0020FA6A /* OllamaKit */ = {
			isa = XCSwiftPackageProductDependency;
			package = 4D8B537A2B2E499A0020FA6A /* XCRemoteSwiftPackageReference "OllamaKit" */;
			productName = OllamaKit;
		};
		4DD282D82B4DEB6E0041690B /* SettingsKit */ = {
			isa = XCSwiftPackageProductDependency;
			package = 4DD282D72B4DEB6E0041690B /* XCRemoteSwiftPackageReference "SettingsKit-macOS" */;
			productName = SettingsKit;
		};
		4DD282DE2B4DF7050041690B /* KeyboardShortcuts */ = {
			isa = XCSwiftPackageProductDependency;
			package = 4DD282DD2B4DF7050041690B /* XCRemoteSwiftPackageReference "KeyboardShortcuts" */;
			productName = KeyboardShortcuts;
		};
		4DD282E72B4E3C4A0041690B /* LaunchAtLogin */ = {
			isa = XCSwiftPackageProductDependency;
			package = 4DD282E62B4E3C4A0041690B /* XCRemoteSwiftPackageReference "LaunchAtLogin-Modern" */;
			productName = LaunchAtLogin;
		};
		4DD282EA2B4E3D810041690B /* TelemetryClient */ = {
			isa = XCSwiftPackageProductDependency;
			package = 4DD282E92B4E3D810041690B /* XCRemoteSwiftPackageReference "SwiftClient" */;
			productName = TelemetryClient;
		};
		4DDCE8522B50BA0900A22B1E /* Sparkle */ = {
			isa = XCSwiftPackageProductDependency;
			package = 0AE024812AFB898300347C18 /* XCRemoteSwiftPackageReference "Sparkle" */;
			productName = Sparkle;
		};
		4DE673482B17F46B00A5F9AE /* ViewState */ = {
			isa = XCSwiftPackageProductDependency;
			package = 4DE673492B17F46B00A5F9AE /* XCRemoteSwiftPackageReference "ViewState" */;
			productName = ViewState;
		};
		4DE6734A2B17F46B00A5F9AE /* SwiftUIIntrospect */ = {
			isa = XCSwiftPackageProductDependency;
			package = 4DE6734B2B17F46B00A5F9AE /* XCRemoteSwiftPackageReference "swiftui-introspect" */;
			productName = SwiftUIIntrospect;
		};
		4DE6734C2B17F46B00A5F9AE /* ViewCondition */ = {
			isa = XCSwiftPackageProductDependency;
			package = 4DE6734D2B17F46B00A5F9AE /* XCRemoteSwiftPackageReference "ViewCondition" */;
			productName = ViewCondition;
		};
		4DE6734E2B17F46B00A5F9AE /* MarkdownUI */ = {
			isa = XCSwiftPackageProductDependency;
			package = 4DE6734F2B17F46B00A5F9AE /* XCRemoteSwiftPackageReference "swift-markdown-ui" */;
			productName = MarkdownUI;
		};
		4DE673522B17F46B00A5F9AE /* OllamaKit */ = {
			isa = XCSwiftPackageProductDependency;
			package = 4DE673532B17F46B00A5F9AE /* XCRemoteSwiftPackageReference "OllamaKit" */;
			productName = OllamaKit;
		};
/* End XCSwiftPackageProductDependency section */
	};
	rootObject = 0A4D35792AF541D900846890 /* Project object */;
}
