{
  "pins" : [
    {
      "identity" : "alamofire",
      "kind" : "remoteSourceControl",
      "location" : "https://github.com/Alamofire/Alamofire",
      "state" : {
        "revision" : "3dc6a42c7727c49bf26508e29b0a0b35f9c7e1ad",
        "version" : "5.8.1"
      }
    },
    {
      "identity" : "colibricomponents-macos",
      "kind" : "remoteSourceControl",
      "location" : "https://github.com/david-swift/ColibriComponents-macOS",
      "state" : {
        "revision" : "ce8b4accee3361a904831a3c659de0c99369e8bf",
        "version" : "0.1.11"
      }
    },
    {
      "identity" : "keyboardshortcuts",
      "kind" : "remoteSourceControl",
      "location" : "https://github.com/sindresorhus/KeyboardShortcuts",
      "state" : {
        "revision" : "c252200141e4abaecf30c14ea474dc009f56d553",
        "version" : "1.16.1"
      }
    },
    {
      "identity" : "launchatlogin-modern",
      "kind" : "remoteSourceControl",
      "location" : "https://github.com/sindresorhus/LaunchAtLogin-Modern.git",
      "state" : {
        "branch" : "main",
        "revision" : "a04ec1c363be3627734f6dad757d82f5d4fa8fcc"
      }
    },
    {
      "identity" : "networkimage",
      "kind" : "remoteSourceControl",
      "location" : "https://github.com/gonzalezreal/NetworkImage",
      "state" : {
        "revision" : "7aff8d1b31148d32c5933d75557d42f6323ee3d1",
        "version" : "6.0.0"
      }
    },
    {
      "identity" : "pow",
      "kind" : "remoteSourceControl",
      "location" : "https://github.com/EmergeTools/Pow.git",
      "state" : {
        "revision" : "cc014eba4b65f689cadc281ad925de5607f2adc9",
        "version" : "1.0.3"
      }
    },
    {
      "identity" : "settingskit-macos",
      "kind" : "remoteSourceControl",
      "location" : "https://github.com/david-swift/SettingsKit-macOS",
      "state" : {
        "revision" : "eca48656b1ccf01b64e8162710e6ff0aacbfd738",
        "version" : "0.2.3"
      }
    },
    {
      "identity" : "sfsafesymbols",
      "kind" : "remoteSourceControl",
      "location" : "https://github.com/SFSafeSymbols/SFSafeSymbols",
      "state" : {
        "revision" : "7cca2d60925876b5953a2cf7341cd80fbeac983c",
        "version" : "4.1.1"
      }
    },
    {
      "identity" : "sparkle",
      "kind" : "remoteSourceControl",
      "location" : "https://github.com/sparkle-project/Sparkle",
      "state" : {
        "revision" : "1f07f4096e52f19b5e7abaa697b7fc592b7ff57c",
        "version" : "2.5.1"
      }
    },
    {
      "identity" : "swift-docc-plugin",
      "kind" : "remoteSourceControl",
      "location" : "https://github.com/apple/swift-docc-plugin.git",
      "state" : {
        "revision" : "26ac5758409154cc448d7ab82389c520fa8a8247",
        "version" : "1.3.0"
      }
    },
    {
      "identity" : "swift-docc-symbolkit",
      "kind" : "remoteSourceControl",
      "location" : "https://github.com/apple/swift-docc-symbolkit",
      "state" : {
        "revision" : "b45d1f2ed151d057b54504d653e0da5552844e34",
        "version" : "1.0.0"
      }
    },
    {
      "identity" : "swift-markdown-ui",
      "kind" : "remoteSourceControl",
      "location" : "https://github.com/gonzalezreal/swift-markdown-ui",
      "state" : {
        "revision" : "5df8a4adedd6ae4eb2455ef60ff75183984daeb8",
        "version" : "2.2.0"
      }
    },
    {
      "identity" : "swiftlintplugin",
      "kind" : "remoteSourceControl",
      "location" : "https://github.com/lukepistrol/SwiftLintPlugin",
      "state" : {
        "revision" : "ea6d3ca895b49910f790e98e4b4ca658e0fe490e",
        "version" : "0.54.0"
      }
    },
    {
      "identity" : "swiftui-introspect",
      "kind" : "remoteSourceControl",
      "location" : "https://github.com/siteline/swiftui-introspect",
      "state" : {
        "revision" : "9e1cc02a65b22e09a8251261cccbccce02731fc5",
        "version" : "1.1.1"
      }
    },
    {
      "identity" : "viewcondition",
      "kind" : "remoteSourceControl",
      "location" : "https://github.com/kevinhermawan/ViewCondition",
      "state" : {
        "revision" : "3d6ff8a51f31890e091eac6872d966859d11ed76",
        "version" : "1.0.1"
      }
    },
    {
      "identity" : "viewstate",
      "kind" : "remoteSourceControl",
      "location" : "https://github.com/kevinhermawan/ViewState.git",
      "state" : {
        "revision" : "8e5a5efbbf3fb5a2d2621533a115a9da031214cb",
        "version" : "1.2.1"
      }
    }
  ],
  "version" : 2
}
