// !$*UTF8*$!
{
	archiveVersion = 1;
	classes = {
	};
	objectVersion = 56;
	objects = {

/* Begin PBXBuildFile section */
		4D4D11B92B37B5330095DA09 /* MessageViewModelManager.swift in Sources */ = {isa = PBXBuildFile; fileRef = 4D4D11B82B37B5330095DA09 /* MessageViewModelManager.swift */; };
		4D7454ED2B44CFD500ABBB3A /* AppDelegate.swift in Sources */ = {isa = PBXBuildFile; fileRef = 4D7454EC2B44CFD500ABBB3A /* AppDelegate.swift */; };
		4D7454F02B44F48500ABBB3A /* DMRetry in Frameworks */ = {isa = PBXBuildFile; productRef = 4D7454EF2B44F48500ABBB3A /* DMRetry */; };
		4D8B53792B2E49900020FA6A /* OllamaKit in Frameworks */ = {isa = PBXBuildFile; productRef = 4D8B53782B2E49900020FA6A /* OllamaKit */; };
		4D8B537C2B2E499A0020FA6A /* OllamaKit in Frameworks */ = {isa = PBXBuildFile; productRef = 4D8B537B2B2E499A0020FA6A /* OllamaKit */; };
		4D8B537F2B2E4A250020FA6A /* ChatField in Frameworks */ = {isa = PBXBuildFile; productRef = 4D8B537E2B2E4A250020FA6A /* ChatField */; };
		4D8B53852B313EA90020FA6A /* FileOpener.swift in Sources */ = {isa = PBXBuildFile; fileRef = 4D8B53842B313EA90020FA6A /* FileOpener.swift */; };
		4D8E054C2B2516DE00B60D0D /* ChatViewModel.swift in Sources */ = {isa = PBXBuildFile; fileRef = 4D8E05292B2516DE00B60D0D /* ChatViewModel.swift */; };
		4D8E054D2B2516DE00B60D0D /* CommandViewModel.swift in Sources */ = {isa = PBXBuildFile; fileRef = 4D8E052A2B2516DE00B60D0D /* CommandViewModel.swift */; };
		4D8E054E2B2516DE00B60D0D /* MessageViewModel.swift in Sources */ = {isa = PBXBuildFile; fileRef = 4D8E052B2B2516DE00B60D0D /* MessageViewModel.swift */; };
		4D8E054F2B2516DE00B60D0D /* UpdaterViewModel.swift in Sources */ = {isa = PBXBuildFile; fileRef = 4D8E052C2B2516DE00B60D0D /* UpdaterViewModel.swift */; };
		4D8E05502B2516DE00B60D0D /* OllamaViewModel.swift in Sources */ = {isa = PBXBuildFile; fileRef = 4D8E052D2B2516DE00B60D0D /* OllamaViewModel.swift */; };
		4D8E05512B2516DE00B60D0D /* PiedpiperApp.swift in Sources */ = {isa = PBXBuildFile; fileRef = 4D8E052F2B2516DE00B60D0D /* PiedpiperApp.swift */; };
		4D8E05522B2516DE00B60D0D /* Assets.xcassets in Resources */ = {isa = PBXBuildFile; fileRef = 4D8E05322B2516DE00B60D0D /* Assets.xcassets */; };
		4D8E05542B2516DE00B60D0D /* AppMessages.swift in Sources */ = {isa = PBXBuildFile; fileRef = 4D8E05352B2516DE00B60D0D /* AppMessages.swift */; };
		4D8E05552B2516DE00B60D0D /* Chat.swift in Sources */ = {isa = PBXBuildFile; fileRef = 4D8E05372B2516DE00B60D0D /* Chat.swift */; };
		4D8E05562B2516DE00B60D0D /* Message.swift in Sources */ = {isa = PBXBuildFile; fileRef = 4D8E05382B2516DE00B60D0D /* Message.swift */; };
		4D8E05572B2516DE00B60D0D /* OllamaModel.swift in Sources */ = {isa = PBXBuildFile; fileRef = 4D8E05392B2516DE00B60D0D /* OllamaModel.swift */; };
		4D8E05582B2516DE00B60D0D /* Preview Assets.xcassets in Resources */ = {isa = PBXBuildFile; fileRef = 4D8E053B2B2516DE00B60D0D /* Preview Assets.xcassets */; };
		4D8E05592B2516DE00B60D0D /* ModelContext+SaveChanges.swift in Sources */ = {isa = PBXBuildFile; fileRef = 4D8E053D2B2516DE00B60D0D /* ModelContext+SaveChanges.swift */; };
		4D8E055A2B2516DE00B60D0D /* RenameChatView.swift in Sources */ = {isa = PBXBuildFile; fileRef = 4D8E05402B2516DE00B60D0D /* RenameChatView.swift */; };
		4D8E055B2B2516DE00B60D0D /* ChatContextMenu.swift in Sources */ = {isa = PBXBuildFile; fileRef = 4D8E05412B2516DE00B60D0D /* ChatContextMenu.swift */; };
		4D8E055C2B2516DE00B60D0D /* AddChatView.swift in Sources */ = {isa = PBXBuildFile; fileRef = 4D8E05422B2516DE00B60D0D /* AddChatView.swift */; };
		4D8E055D2B2516DE00B60D0D /* ChatSidebarListView.swift in Sources */ = {isa = PBXBuildFile; fileRef = 4D8E05432B2516DE00B60D0D /* ChatSidebarListView.swift */; };
		4D8E055E2B2516DE00B60D0D /* AppView.swift in Sources */ = {isa = PBXBuildFile; fileRef = 4D8E05442B2516DE00B60D0D /* AppView.swift */; };
		4D8E055F2B2516DE00B60D0D /* PromptEditorExpandedView.swift in Sources */ = {isa = PBXBuildFile; fileRef = 4D8E05462B2516DE00B60D0D /* PromptEditorExpandedView.swift */; };
		4D8E05602B2516DE00B60D0D /* PromptEditor.swift in Sources */ = {isa = PBXBuildFile; fileRef = 4D8E05472B2516DE00B60D0D /* PromptEditor.swift */; };
		4D8E05612B2516DE00B60D0D /* TextError.swift in Sources */ = {isa = PBXBuildFile; fileRef = 4D8E05482B2516DE00B60D0D /* TextError.swift */; };
		4D8E05622B2516DE00B60D0D /* MessageListItemView.swift in Sources */ = {isa = PBXBuildFile; fileRef = 4D8E054A2B2516DE00B60D0D /* MessageListItemView.swift */; };
		4D8E05632B2516DE00B60D0D /* MessageView.swift in Sources */ = {isa = PBXBuildFile; fileRef = 4D8E054B2B2516DE00B60D0D /* MessageView.swift */; };
		4DCA621C2B40FDB500D12660 /* ollama-darwin in Resources */ = {isa = PBXBuildFile; fileRef = 4DCA621B2B40FDB500D12660 /* ollama-darwin */; };
		4DE6736B2B17F46B00A5F9AE /* Sparkle in Frameworks */ = {isa = PBXBuildFile; productRef = 4DE673502B17F46B00A5F9AE /* Sparkle */; };
		4DE6736C2B17F46B00A5F9AE /* OptionalKit in Frameworks */ = {isa = PBXBuildFile; productRef = 4DE673462B17F46B00A5F9AE /* OptionalKit */; };
		4DE6736D2B17F46B00A5F9AE /* ViewState in Frameworks */ = {isa = PBXBuildFile; productRef = 4DE673482B17F46B00A5F9AE /* ViewState */; };
		4DE6736E2B17F46B00A5F9AE /* MarkdownUI in Frameworks */ = {isa = PBXBuildFile; productRef = 4DE6734E2B17F46B00A5F9AE /* MarkdownUI */; };
		4DE6736F2B17F46B00A5F9AE /* ViewCondition in Frameworks */ = {isa = PBXBuildFile; productRef = 4DE6734C2B17F46B00A5F9AE /* ViewCondition */; };
		4DE673702B17F46B00A5F9AE /* SwiftUIIntrospect in Frameworks */ = {isa = PBXBuildFile; productRef = 4DE6734A2B17F46B00A5F9AE /* SwiftUIIntrospect */; };
		4DE673712B17F46B00A5F9AE /* OllamaKit in Frameworks */ = {isa = PBXBuildFile; productRef = 4DE673522B17F46B00A5F9AE /* OllamaKit */; };
/* End PBXBuildFile section */

/* Begin PBXFileReference section */
		4D4D11B82B37B5330095DA09 /* MessageViewModelManager.swift */ = {isa = PBXFileReference; lastKnownFileType = sourcecode.swift; path = MessageViewModelManager.swift; sourceTree = "<group>"; };
		4D7454EC2B44CFD500ABBB3A /* AppDelegate.swift */ = {isa = PBXFileReference; lastKnownFileType = sourcecode.swift; path = AppDelegate.swift; sourceTree = "<group>"; };
		4D8B53812B2E708A0020FA6A /* ChatField */ = {isa = PBXFileReference; lastKnownFileType = wrapper; name = ChatField; path = ../../ChatField; sourceTree = "<group>"; };
		4D8B53842B313EA90020FA6A /* FileOpener.swift */ = {isa = PBXFileReference; lastKnownFileType = sourcecode.swift; path = FileOpener.swift; sourceTree = "<group>"; };
		4D8E05292B2516DE00B60D0D /* ChatViewModel.swift */ = {isa = PBXFileReference; fileEncoding = 4; lastKnownFileType = sourcecode.swift; path = ChatViewModel.swift; sourceTree = "<group>"; };
		4D8E052A2B2516DE00B60D0D /* CommandViewModel.swift */ = {isa = PBXFileReference; fileEncoding = 4; lastKnownFileType = sourcecode.swift; path = CommandViewModel.swift; sourceTree = "<group>"; };
		4D8E052B2B2516DE00B60D0D /* MessageViewModel.swift */ = {isa = PBXFileReference; fileEncoding = 4; lastKnownFileType = sourcecode.swift; path = MessageViewModel.swift; sourceTree = "<group>"; };
		4D8E052C2B2516DE00B60D0D /* UpdaterViewModel.swift */ = {isa = PBXFileReference; fileEncoding = 4; lastKnownFileType = sourcecode.swift; path = UpdaterViewModel.swift; sourceTree = "<group>"; };
		4D8E052D2B2516DE00B60D0D /* OllamaViewModel.swift */ = {isa = PBXFileReference; fileEncoding = 4; lastKnownFileType = sourcecode.swift; path = OllamaViewModel.swift; sourceTree = "<group>"; };
		4D8E052F2B2516DE00B60D0D /* PiedpiperApp.swift */ = {isa = PBXFileReference; fileEncoding = 4; lastKnownFileType = sourcecode.swift; path = PiedpiperApp.swift; sourceTree = "<group>"; };
		4D8E05312B2516DE00B60D0D /* piedpiper.entitlements */ = {isa = PBXFileReference; fileEncoding = 4; lastKnownFileType = text.plist.entitlements; path = piedpiper.entitlements; sourceTree = "<group>"; };
		4D8E05322B2516DE00B60D0D /* Assets.xcassets */ = {isa = PBXFileReference; lastKnownFileType = folder.assetcatalog; path = Assets.xcassets; sourceTree = "<group>"; };
		4D8E05332B2516DE00B60D0D /* Info.plist */ = {isa = PBXFileReference; fileEncoding = 4; lastKnownFileType = text.plist.xml; path = Info.plist; sourceTree = "<group>"; };
		4D8E05352B2516DE00B60D0D /* AppMessages.swift */ = {isa = PBXFileReference; fileEncoding = 4; lastKnownFileType = sourcecode.swift; path = AppMessages.swift; sourceTree = "<group>"; };
		4D8E05372B2516DE00B60D0D /* Chat.swift */ = {isa = PBXFileReference; fileEncoding = 4; lastKnownFileType = sourcecode.swift; path = Chat.swift; sourceTree = "<group>"; };
		4D8E05382B2516DE00B60D0D /* Message.swift */ = {isa = PBXFileReference; fileEncoding = 4; lastKnownFileType = sourcecode.swift; path = Message.swift; sourceTree = "<group>"; };
		4D8E05392B2516DE00B60D0D /* OllamaModel.swift */ = {isa = PBXFileReference; fileEncoding = 4; lastKnownFileType = sourcecode.swift; path = OllamaModel.swift; sourceTree = "<group>"; };
		4D8E053B2B2516DE00B60D0D /* Preview Assets.xcassets */ = {isa = PBXFileReference; lastKnownFileType = folder.assetcatalog; path = "Preview Assets.xcassets"; sourceTree = "<group>"; };
		4D8E053D2B2516DE00B60D0D /* ModelContext+SaveChanges.swift */ = {isa = PBXFileReference; fileEncoding = 4; lastKnownFileType = sourcecode.swift; path = "ModelContext+SaveChanges.swift"; sourceTree = "<group>"; };
		4D8E05402B2516DE00B60D0D /* RenameChatView.swift */ = {isa = PBXFileReference; fileEncoding = 4; lastKnownFileType = sourcecode.swift; path = RenameChatView.swift; sourceTree = "<group>"; };
		4D8E05412B2516DE00B60D0D /* ChatContextMenu.swift */ = {isa = PBXFileReference; fileEncoding = 4; lastKnownFileType = sourcecode.swift; path = ChatContextMenu.swift; sourceTree = "<group>"; };
		4D8E05422B2516DE00B60D0D /* AddChatView.swift */ = {isa = PBXFileReference; fileEncoding = 4; lastKnownFileType = sourcecode.swift; path = AddChatView.swift; sourceTree = "<group>"; };
		4D8E05432B2516DE00B60D0D /* ChatSidebarListView.swift */ = {isa = PBXFileReference; fileEncoding = 4; lastKnownFileType = sourcecode.swift; path = ChatSidebarListView.swift; sourceTree = "<group>"; };
		4D8E05442B2516DE00B60D0D /* AppView.swift */ = {isa = PBXFileReference; fileEncoding = 4; lastKnownFileType = sourcecode.swift; path = AppView.swift; sourceTree = "<group>"; };
		4D8E05462B2516DE00B60D0D /* PromptEditorExpandedView.swift */ = {isa = PBXFileReference; fileEncoding = 4; lastKnownFileType = sourcecode.swift; path = PromptEditorExpandedView.swift; sourceTree = "<group>"; };
		4D8E05472B2516DE00B60D0D /* PromptEditor.swift */ = {isa = PBXFileReference; fileEncoding = 4; lastKnownFileType = sourcecode.swift; path = PromptEditor.swift; sourceTree = "<group>"; };
		4D8E05482B2516DE00B60D0D /* TextError.swift */ = {isa = PBXFileReference; fileEncoding = 4; lastKnownFileType = sourcecode.swift; path = TextError.swift; sourceTree = "<group>"; };
		4D8E054A2B2516DE00B60D0D /* MessageListItemView.swift */ = {isa = PBXFileReference; fileEncoding = 4; lastKnownFileType = sourcecode.swift; path = MessageListItemView.swift; sourceTree = "<group>"; };
		4D8E054B2B2516DE00B60D0D /* MessageView.swift */ = {isa = PBXFileReference; fileEncoding = 4; lastKnownFileType = sourcecode.swift; path = MessageView.swift; sourceTree = "<group>"; };
		4D98E90D2B2C54F800505014 /* OllamaKit */ = {isa = PBXFileReference; lastKnownFileType = wrapper; name = OllamaKit; path = ../../OllamaKit; sourceTree = "<group>"; };
		4DCA621B2B40FDB500D12660 /* ollama-darwin */ = {isa = PBXFileReference; lastKnownFileType = "compiled.mach-o.executable"; path = "ollama-darwin"; sourceTree = "<group>"; };
		4DE673792B17F46B00A5F9AE /* piedpiper.app */ = {isa = PBXFileReference; explicitFileType = wrapper.application; includeInIndex = 0; path = piedpiper.app; sourceTree = BUILT_PRODUCTS_DIR; };
/* End PBXFileReference section */

/* Begin PBXFrameworksBuildPhase section */
		4DE6736A2B17F46B00A5F9AE /* Frameworks */ = {
			isa = PBXFrameworksBuildPhase;
			buildActionMask = 2147483647;
			files = (
				4DE6736B2B17F46B00A5F9AE /* Sparkle in Frameworks */,
				4DE6736C2B17F46B00A5F9AE /* OptionalKit in Frameworks */,
				4DE6736D2B17F46B00A5F9AE /* ViewState in Frameworks */,
				4DE6736E2B17F46B00A5F9AE /* MarkdownUI in Frameworks */,
				4DE6736F2B17F46B00A5F9AE /* ViewCondition in Frameworks */,
				4D7454F02B44F48500ABBB3A /* DMRetry in Frameworks */,
				4D8B537F2B2E4A250020FA6A /* ChatField in Frameworks */,
				4D8B537C2B2E499A0020FA6A /* OllamaKit in Frameworks */,
				4DE673702B17F46B00A5F9AE /* SwiftUIIntrospect in Frameworks */,
				4DE673712B17F46B00A5F9AE /* OllamaKit in Frameworks */,
				4D8B53792B2E49900020FA6A /* OllamaKit in Frameworks */,
			);
			runOnlyForDeploymentPostprocessing = 0;
		};
/* End PBXFrameworksBuildPhase section */

/* Begin PBXGroup section */
		0A4D35782AF541D900846890 = {
			isa = PBXGroup;
			children = (
				4D8E05272B2516DE00B60D0D /* piedpiper */,
				0A4D35822AF541D900846890 /* Products */,
			);
			sourceTree = "<group>";
		};
		0A4D35822AF541D900846890 /* Products */ = {
			isa = PBXGroup;
			children = (
				4DE673792B17F46B00A5F9AE /* piedpiper.app */,
			);
			name = Products;
			sourceTree = "<group>";
		};
		4D8E05272B2516DE00B60D0D /* piedpiper */ = {
			isa = PBXGroup;
			children = (
				4D8B53812B2E708A0020FA6A /* ChatField */,
				4D98E90D2B2C54F800505014 /* OllamaKit */,
				4D8E05282B2516DE00B60D0D /* ViewModels */,
				4D8E052E2B2516DE00B60D0D /* App */,
				4D8E05302B2516DE00B60D0D /* Resources */,
				4D8E05342B2516DE00B60D0D /* Utils */,
				4D8E05362B2516DE00B60D0D /* Models */,
				4D8E053A2B2516DE00B60D0D /* Preview Content */,
				4D8E053C2B2516DE00B60D0D /* Extensions */,
				4D8E053E2B2516DE00B60D0D /* Views */,
			);
			path = piedpiper;
			sourceTree = "<group>";
		};
		4D8E05282B2516DE00B60D0D /* ViewModels */ = {
			isa = PBXGroup;
			children = (
				4D8E05292B2516DE00B60D0D /* ChatViewModel.swift */,
				4D8E052A2B2516DE00B60D0D /* CommandViewModel.swift */,
				4D8E052B2B2516DE00B60D0D /* MessageViewModel.swift */,
				4D8E052C2B2516DE00B60D0D /* UpdaterViewModel.swift */,
				4D8E052D2B2516DE00B60D0D /* OllamaViewModel.swift */,
				4D4D11B82B37B5330095DA09 /* MessageViewModelManager.swift */,
			);
			path = ViewModels;
			sourceTree = "<group>";
		};
		4D8E052E2B2516DE00B60D0D /* App */ = {
			isa = PBXGroup;
			children = (
				4D8E052F2B2516DE00B60D0D /* PiedpiperApp.swift */,
				4D7454EC2B44CFD500ABBB3A /* AppDelegate.swift */,
			);
			path = App;
			sourceTree = "<group>";
		};
		4D8E05302B2516DE00B60D0D /* Resources */ = {
			isa = PBXGroup;
			children = (
				4DCA621B2B40FDB500D12660 /* ollama-darwin */,
				4D8E05312B2516DE00B60D0D /* piedpiper.entitlements */,
				4D8E05322B2516DE00B60D0D /* Assets.xcassets */,
				4D8E05332B2516DE00B60D0D /* Info.plist */,
			);
			path = Resources;
			sourceTree = "<group>";
		};
		4D8E05342B2516DE00B60D0D /* Utils */ = {
			isa = PBXGroup;
			children = (
				4D8B53842B313EA90020FA6A /* FileOpener.swift */,
				4D8E05352B2516DE00B60D0D /* AppMessages.swift */,
			);
			path = Utils;
			sourceTree = "<group>";
		};
		4D8E05362B2516DE00B60D0D /* Models */ = {
			isa = PBXGroup;
			children = (
				4D8E05372B2516DE00B60D0D /* Chat.swift */,
				4D8E05382B2516DE00B60D0D /* Message.swift */,
				4D8E05392B2516DE00B60D0D /* OllamaModel.swift */,
			);
			path = Models;
			sourceTree = "<group>";
		};
		4D8E053A2B2516DE00B60D0D /* Preview Content */ = {
			isa = PBXGroup;
			children = (
				4D8E053B2B2516DE00B60D0D /* Preview Assets.xcassets */,
			);
			path = "Preview Content";
			sourceTree = "<group>";
		};
		4D8E053C2B2516DE00B60D0D /* Extensions */ = {
			isa = PBXGroup;
			children = (
				4D8E053D2B2516DE00B60D0D /* ModelContext+SaveChanges.swift */,
			);
			path = Extensions;
			sourceTree = "<group>";
		};
		4D8E053E2B2516DE00B60D0D /* Views */ = {
			isa = PBXGroup;
			children = (
				4D8E053F2B2516DE00B60D0D /* ChatViews */,
				4D8E05442B2516DE00B60D0D /* AppView.swift */,
				4D8E05452B2516DE00B60D0D /* CommonViews */,
				4D8E05492B2516DE00B60D0D /* MessageViews */,
			);
			path = Views;
			sourceTree = "<group>";
		};
		4D8E053F2B2516DE00B60D0D /* ChatViews */ = {
			isa = PBXGroup;
			children = (
				4D8E05402B2516DE00B60D0D /* RenameChatView.swift */,
				4D8E05412B2516DE00B60D0D /* ChatContextMenu.swift */,
				4D8E05422B2516DE00B60D0D /* AddChatView.swift */,
				4D8E05432B2516DE00B60D0D /* ChatSidebarListView.swift */,
			);
			path = ChatViews;
			sourceTree = "<group>";
		};
		4D8E05452B2516DE00B60D0D /* CommonViews */ = {
			isa = PBXGroup;
			children = (
				4D8E05462B2516DE00B60D0D /* PromptEditorExpandedView.swift */,
				4D8E05472B2516DE00B60D0D /* PromptEditor.swift */,
				4D8E05482B2516DE00B60D0D /* TextError.swift */,
			);
			path = CommonViews;
			sourceTree = "<group>";
		};
		4D8E05492B2516DE00B60D0D /* MessageViews */ = {
			isa = PBXGroup;
			children = (
				4D8E054A2B2516DE00B60D0D /* MessageListItemView.swift */,
				4D8E054B2B2516DE00B60D0D /* MessageView.swift */,
			);
			path = MessageViews;
			sourceTree = "<group>";
		};
/* End PBXGroup section */

/* Begin PBXNativeTarget section */
		4DE673452B17F46B00A5F9AE /* piedpiper */ = {
			isa = PBXNativeTarget;
			buildConfigurationList = 4DE673762B17F46B00A5F9AE /* Build configuration list for PBXNativeTarget "piedpiper" */;
			buildPhases = (
				4DE673542B17F46B00A5F9AE /* Sources */,
				4DE6736A2B17F46B00A5F9AE /* Frameworks */,
				4DE673722B17F46B00A5F9AE /* Resources */,
			);
			buildRules = (
			);
			dependencies = (
			);
			name = piedpiper;
			packageProductDependencies = (
				4DE673462B17F46B00A5F9AE /* OptionalKit */,
				4DE673482B17F46B00A5F9AE /* ViewState */,
				4DE6734A2B17F46B00A5F9AE /* SwiftUIIntrospect */,
				4DE6734C2B17F46B00A5F9AE /* ViewCondition */,
				4DE6734E2B17F46B00A5F9AE /* MarkdownUI */,
				4DE673502B17F46B00A5F9AE /* Sparkle */,
				4DE673522B17F46B00A5F9AE /* OllamaKit */,
				4D8B53782B2E49900020FA6A /* OllamaKit */,
				4D8B537B2B2E499A0020FA6A /* OllamaKit */,
				4D8B537E2B2E4A250020FA6A /* ChatField */,
				4D7454EF2B44F48500ABBB3A /* DMRetry */,
			);
			productName = Ollamac;
			productReference = 4DE673792B17F46B00A5F9AE /* piedpiper.app */;
			productType = "com.apple.product-type.application";
		};
/* End PBXNativeTarget section */

/* Begin PBXProject section */
		0A4D35792AF541D900846890 /* Project object */ = {
			isa = PBXProject;
			attributes = {
				BuildIndependentTargetsInParallel = 1;
				LastSwiftUpdateCheck = 1500;
				LastUpgradeCheck = 1500;
			};
			buildConfigurationList = 0A4D357C2AF541D900846890 /* Build configuration list for PBXProject "piedpiper" */;
			compatibilityVersion = "Xcode 14.0";
			developmentRegion = en;
			hasScannedForEncodings = 0;
			knownRegions = (
				en,
				Base,
			);
			mainGroup = 0A4D35782AF541D900846890;
			packageReferences = (
				0AA41A122AF613BF0053B8DB /* XCRemoteSwiftPackageReference "OptionalKit" */,
				0AA41A152AF635AD0053B8DB /* XCRemoteSwiftPackageReference "ViewState" */,
				0ACA4D5C2AF7AC43000DA76F /* XCRemoteSwiftPackageReference "swiftui-introspect" */,
				0ACA4D712AF88DB6000DA76F /* XCRemoteSwiftPackageReference "ViewCondition" */,
				0ACA4D742AF89C27000DA76F /* XCRemoteSwiftPackageReference "swift-markdown-ui" */,
				0AE024812AFB898300347C18 /* XCRemoteSwiftPackageReference "Sparkle" */,
				4D8B537A2B2E499A0020FA6A /* XCRemoteSwiftPackageReference "OllamaKit" */,
				4D8B537D2B2E4A250020FA6A /* XCRemoteSwiftPackageReference "ChatField" */,
				4D7454EE2B44F48500ABBB3A /* XCRemoteSwiftPackageReference "swift-retry" */,
			);
			productRefGroup = 0A4D35822AF541D900846890 /* Products */;
			projectDirPath = "";
			projectRoot = "";
			targets = (
				4DE673452B17F46B00A5F9AE /* piedpiper */,
			);
		};
/* End PBXProject section */

/* Begin PBXResourcesBuildPhase section */
		4DE673722B17F46B00A5F9AE /* Resources */ = {
			isa = PBXResourcesBuildPhase;
			buildActionMask = 2147483647;
			files = (
				4D8E05582B2516DE00B60D0D /* Preview Assets.xcassets in Resources */,
				4DCA621C2B40FDB500D12660 /* ollama-darwin in Resources */,
				4D8E05522B2516DE00B60D0D /* Assets.xcassets in Resources */,
			);
			runOnlyForDeploymentPostprocessing = 0;
		};
/* End PBXResourcesBuildPhase section */

/* Begin PBXSourcesBuildPhase section */
		4DE673542B17F46B00A5F9AE /* Sources */ = {
			isa = PBXSourcesBuildPhase;
			buildActionMask = 2147483647;
			files = (
				4D7454ED2B44CFD500ABBB3A /* AppDelegate.swift in Sources */,
				4D8E054D2B2516DE00B60D0D /* CommandViewModel.swift in Sources */,
				4D8E054E2B2516DE00B60D0D /* MessageViewModel.swift in Sources */,
				4D8E055C2B2516DE00B60D0D /* AddChatView.swift in Sources */,
				4D8E055D2B2516DE00B60D0D /* ChatSidebarListView.swift in Sources */,
				4D8E055E2B2516DE00B60D0D /* AppView.swift in Sources */,
				4D8E054F2B2516DE00B60D0D /* UpdaterViewModel.swift in Sources */,
				4D4D11B92B37B5330095DA09 /* MessageViewModelManager.swift in Sources */,
				4D8E05572B2516DE00B60D0D /* OllamaModel.swift in Sources */,
				4D8B53852B313EA90020FA6A /* FileOpener.swift in Sources */,
				4D8E05562B2516DE00B60D0D /* Message.swift in Sources */,
				4D8E054C2B2516DE00B60D0D /* ChatViewModel.swift in Sources */,
				4D8E05502B2516DE00B60D0D /* OllamaViewModel.swift in Sources */,
				4D8E05552B2516DE00B60D0D /* Chat.swift in Sources */,
				4D8E05612B2516DE00B60D0D /* TextError.swift in Sources */,
				4D8E05632B2516DE00B60D0D /* MessageView.swift in Sources */,
				4D8E05512B2516DE00B60D0D /* PiedpiperApp.swift in Sources */,
				4D8E05602B2516DE00B60D0D /* PromptEditor.swift in Sources */,
				4D8E05542B2516DE00B60D0D /* AppMessages.swift in Sources */,
				4D8E05622B2516DE00B60D0D /* MessageListItemView.swift in Sources */,
				4D8E055B2B2516DE00B60D0D /* ChatContextMenu.swift in Sources */,
				4D8E055F2B2516DE00B60D0D /* PromptEditorExpandedView.swift in Sources */,
				4D8E055A2B2516DE00B60D0D /* RenameChatView.swift in Sources */,
				4D8E05592B2516DE00B60D0D /* ModelContext+SaveChanges.swift in Sources */,
			);
			runOnlyForDeploymentPostprocessing = 0;
		};
/* End PBXSourcesBuildPhase section */

/* Begin XCBuildConfiguration section */
		0A4D35902AF541DA00846890 /* Debug */ = {
			isa = XCBuildConfiguration;
			buildSettings = {
				ALWAYS_SEARCH_USER_PATHS = NO;
				ASSETCATALOG_COMPILER_GENERATE_SWIFT_ASSET_SYMBOL_EXTENSIONS = YES;
				CLANG_ANALYZER_NONNULL = YES;
				CLANG_ANALYZER_NUMBER_OBJECT_CONVERSION = YES_AGGRESSIVE;
				CLANG_CXX_LANGUAGE_STANDARD = "gnu++20";
				CLANG_ENABLE_MODULES = YES;
				CLANG_ENABLE_OBJC_ARC = YES;
				CLANG_ENABLE_OBJC_WEAK = YES;
				CLANG_WARN_BLOCK_CAPTURE_AUTORELEASING = YES;
				CLANG_WARN_BOOL_CONVERSION = YES;
				CLANG_WARN_COMMA = YES;
				CLANG_WARN_CONSTANT_CONVERSION = YES;
				CLANG_WARN_DEPRECATED_OBJC_IMPLEMENTATIONS = YES;
				CLANG_WARN_DIRECT_OBJC_ISA_USAGE = YES_ERROR;
				CLANG_WARN_DOCUMENTATION_COMMENTS = YES;
				CLANG_WARN_EMPTY_BODY = YES;
				CLANG_WARN_ENUM_CONVERSION = YES;
				CLANG_WARN_INFINITE_RECURSION = YES;
				CLANG_WARN_INT_CONVERSION = YES;
				CLANG_WARN_NON_LITERAL_NULL_CONVERSION = YES;
				CLANG_WARN_OBJC_IMPLICIT_RETAIN_SELF = YES;
				CLANG_WARN_OBJC_LITERAL_CONVERSION = YES;
				CLANG_WARN_OBJC_ROOT_CLASS = YES_ERROR;
				CLANG_WARN_QUOTED_INCLUDE_IN_FRAMEWORK_HEADER = YES;
				CLANG_WARN_RANGE_LOOP_ANALYSIS = YES;
				CLANG_WARN_STRICT_PROTOTYPES = YES;
				CLANG_WARN_SUSPICIOUS_MOVE = YES;
				CLANG_WARN_UNGUARDED_AVAILABILITY = YES_AGGRESSIVE;
				CLANG_WARN_UNREACHABLE_CODE = YES;
				CLANG_WARN__DUPLICATE_METHOD_MATCH = YES;
				COPY_PHASE_STRIP = NO;
				DEAD_CODE_STRIPPING = YES;
				DEBUG_INFORMATION_FORMAT = dwarf;
				ENABLE_STRICT_OBJC_MSGSEND = YES;
				ENABLE_TESTABILITY = YES;
				ENABLE_USER_SCRIPT_SANDBOXING = YES;
				GCC_C_LANGUAGE_STANDARD = gnu17;
				GCC_DYNAMIC_NO_PIC = NO;
				GCC_NO_COMMON_BLOCKS = YES;
				GCC_OPTIMIZATION_LEVEL = 0;
				GCC_PREPROCESSOR_DEFINITIONS = (
					"DEBUG=1",
					"$(inherited)",
				);
				GCC_WARN_64_TO_32_BIT_CONVERSION = YES;
				GCC_WARN_ABOUT_RETURN_TYPE = YES_ERROR;
				GCC_WARN_UNDECLARED_SELECTOR = YES;
				GCC_WARN_UNINITIALIZED_AUTOS = YES_AGGRESSIVE;
				GCC_WARN_UNUSED_FUNCTION = YES;
				GCC_WARN_UNUSED_VARIABLE = YES;
				LOCALIZATION_PREFERS_STRING_CATALOGS = YES;
				MACOSX_DEPLOYMENT_TARGET = 14.0;
				MTL_ENABLE_DEBUG_INFO = INCLUDE_SOURCE;
				MTL_FAST_MATH = YES;
				ONLY_ACTIVE_ARCH = YES;
				SDKROOT = macosx;
				SWIFT_ACTIVE_COMPILATION_CONDITIONS = "DEBUG $(inherited)";
				SWIFT_OPTIMIZATION_LEVEL = "-Onone";
			};
			name = Debug;
		};
		0A4D35912AF541DA00846890 /* Release */ = {
			isa = XCBuildConfiguration;
			buildSettings = {
				ALWAYS_SEARCH_USER_PATHS = NO;
				ASSETCATALOG_COMPILER_GENERATE_SWIFT_ASSET_SYMBOL_EXTENSIONS = YES;
				CLANG_ANALYZER_NONNULL = YES;
				CLANG_ANALYZER_NUMBER_OBJECT_CONVERSION = YES_AGGRESSIVE;
				CLANG_CXX_LANGUAGE_STANDARD = "gnu++20";
				CLANG_ENABLE_MODULES = YES;
				CLANG_ENABLE_OBJC_ARC = YES;
				CLANG_ENABLE_OBJC_WEAK = YES;
				CLANG_WARN_BLOCK_CAPTURE_AUTORELEASING = YES;
				CLANG_WARN_BOOL_CONVERSION = YES;
				CLANG_WARN_COMMA = YES;
				CLANG_WARN_CONSTANT_CONVERSION = YES;
				CLANG_WARN_DEPRECATED_OBJC_IMPLEMENTATIONS = YES;
				CLANG_WARN_DIRECT_OBJC_ISA_USAGE = YES_ERROR;
				CLANG_WARN_DOCUMENTATION_COMMENTS = YES;
				CLANG_WARN_EMPTY_BODY = YES;
				CLANG_WARN_ENUM_CONVERSION = YES;
				CLANG_WARN_INFINITE_RECURSION = YES;
				CLANG_WARN_INT_CONVERSION = YES;
				CLANG_WARN_NON_LITERAL_NULL_CONVERSION = YES;
				CLANG_WARN_OBJC_IMPLICIT_RETAIN_SELF = YES;
				CLANG_WARN_OBJC_LITERAL_CONVERSION = YES;
				CLANG_WARN_OBJC_ROOT_CLASS = YES_ERROR;
				CLANG_WARN_QUOTED_INCLUDE_IN_FRAMEWORK_HEADER = YES;
				CLANG_WARN_RANGE_LOOP_ANALYSIS = YES;
				CLANG_WARN_STRICT_PROTOTYPES = YES;
				CLANG_WARN_SUSPICIOUS_MOVE = YES;
				CLANG_WARN_UNGUARDED_AVAILABILITY = YES_AGGRESSIVE;
				CLANG_WARN_UNREACHABLE_CODE = YES;
				CLANG_WARN__DUPLICATE_METHOD_MATCH = YES;
				COPY_PHASE_STRIP = NO;
				DEAD_CODE_STRIPPING = YES;
				DEBUG_INFORMATION_FORMAT = "dwarf-with-dsym";
				ENABLE_NS_ASSERTIONS = NO;
				ENABLE_STRICT_OBJC_MSGSEND = YES;
				ENABLE_USER_SCRIPT_SANDBOXING = YES;
				GCC_C_LANGUAGE_STANDARD = gnu17;
				GCC_NO_COMMON_BLOCKS = YES;
				GCC_WARN_64_TO_32_BIT_CONVERSION = YES;
				GCC_WARN_ABOUT_RETURN_TYPE = YES_ERROR;
				GCC_WARN_UNDECLARED_SELECTOR = YES;
				GCC_WARN_UNINITIALIZED_AUTOS = YES_AGGRESSIVE;
				GCC_WARN_UNUSED_FUNCTION = YES;
				GCC_WARN_UNUSED_VARIABLE = YES;
				LOCALIZATION_PREFERS_STRING_CATALOGS = YES;
				MACOSX_DEPLOYMENT_TARGET = 14.0;
				MTL_ENABLE_DEBUG_INFO = NO;
				MTL_FAST_MATH = YES;
				SDKROOT = macosx;
				SWIFT_COMPILATION_MODE = wholemodule;
			};
			name = Release;
		};
		4DE673772B17F46B00A5F9AE /* Debug */ = {
			isa = XCBuildConfiguration;
			buildSettings = {
				ASSETCATALOG_COMPILER_APPICON_NAME = AppIcon;
				ASSETCATALOG_COMPILER_GLOBAL_ACCENT_COLOR_NAME = AccentColor;
				ASSETCATALOG_COMPILER_INCLUDE_ALL_APPICON_ASSETS = YES;
				CODE_SIGN_ENTITLEMENTS = piedpiper/Resources/piedpiper.entitlements;
				CODE_SIGN_STYLE = Automatic;
				COMBINE_HIDPI_IMAGES = YES;
				CURRENT_PROJECT_VERSION = 5;
				DEVELOPMENT_ASSET_PATHS = "\"piedpiper/Preview Content\"";
				DEVELOPMENT_TEAM = "";
				ENABLE_HARDENED_RUNTIME = YES;
				ENABLE_PREVIEWS = YES;
				GENERATE_INFOPLIST_FILE = YES;
				INFOPLIST_FILE = piedpiper/Resources/Info.plist;
				INFOPLIST_KEY_CFBundleDisplayName = piedpiper;
				INFOPLIST_KEY_LSApplicationCategoryType = "public.app-category.developer-tools";
				INFOPLIST_KEY_NSHumanReadableCopyright = "Copyright © Invisiblity Inc. All rights reserved.";
				LD_RUNPATH_SEARCH_PATHS = (
					"$(inherited)",
					"@executable_path/../Frameworks",
				);
				MACOSX_DEPLOYMENT_TARGET = 14.0;
				MARKETING_VERSION = 1.1.0;
				PRODUCT_BUNDLE_IDENTIFIER = "pro.piedpiper.app-debug";
				PRODUCT_NAME = "$(TARGET_NAME)";
				SWIFT_EMIT_LOC_STRINGS = YES;
				SWIFT_VERSION = 5.0;
			};
			name = Debug;
		};
		4DE673782B17F46B00A5F9AE /* Release */ = {
			isa = XCBuildConfiguration;
			buildSettings = {
				ASSETCATALOG_COMPILER_APPICON_NAME = AppIcon;
				ASSETCATALOG_COMPILER_GLOBAL_ACCENT_COLOR_NAME = AccentColor;
				ASSETCATALOG_COMPILER_INCLUDE_ALL_APPICON_ASSETS = YES;
				CODE_SIGN_ENTITLEMENTS = piedpiper/Resources/piedpiper.entitlements;
				CODE_SIGN_STYLE = Automatic;
				COMBINE_HIDPI_IMAGES = YES;
				CURRENT_PROJECT_VERSION = 1;
				DEAD_CODE_STRIPPING = YES;
				DEVELOPMENT_ASSET_PATHS = "\"piedpiper/Preview Content\"";
				ENABLE_HARDENED_RUNTIME = YES;
				ENABLE_PREVIEWS = YES;
				GENERATE_INFOPLIST_FILE = YES;
				INFOPLIST_FILE = piedpiper/Resources/Info.plist;
				INFOPLIST_KEY_CFBundleDisplayName = piedpiper;
				INFOPLIST_KEY_LSApplicationCategoryType = "public.app-category.developer-tools";
				INFOPLIST_KEY_NSHumanReadableCopyright = "Copyright © Invisiblity Inc. All rights reserved.";
				LD_RUNPATH_SEARCH_PATHS = (
					"$(inherited)",
					"@executable_path/../Frameworks",
				);
				MACOSX_DEPLOYMENT_TARGET = 14.0;
				MARKETING_VERSION = 1.1.0;
				PRODUCT_BUNDLE_IDENTIFIER = pro.piedpiper.app;
				PRODUCT_NAME = "$(TARGET_NAME)";
				SWIFT_EMIT_LOC_STRINGS = YES;
				SWIFT_VERSION = 5.0;
			};
			name = Release;
		};
/* End XCBuildConfiguration section */

/* Begin XCConfigurationList section */
		0A4D357C2AF541D900846890 /* Build configuration list for PBXProject "piedpiper" */ = {
			isa = XCConfigurationList;
			buildConfigurations = (
				0A4D35902AF541DA00846890 /* Debug */,
				0A4D35912AF541DA00846890 /* Release */,
			);
			defaultConfigurationIsVisible = 0;
			defaultConfigurationName = Release;
		};
		4DE673762B17F46B00A5F9AE /* Build configuration list for PBXNativeTarget "piedpiper" */ = {
			isa = XCConfigurationList;
			buildConfigurations = (
				4DE673772B17F46B00A5F9AE /* Debug */,
				4DE673782B17F46B00A5F9AE /* Release */,
			);
			defaultConfigurationIsVisible = 0;
			defaultConfigurationName = Release;
		};
/* End XCConfigurationList section */

/* Begin XCRemoteSwiftPackageReference section */
		0AA41A122AF613BF0053B8DB /* XCRemoteSwiftPackageReference "OptionalKit" */ = {
			isa = XCRemoteSwiftPackageReference;
			repositoryURL = "https://github.com/kevinhermawan/OptionalKit";
			requirement = {
				kind = upToNextMajorVersion;
				minimumVersion = 1.0.0;
			};
		};
		0AA41A152AF635AD0053B8DB /* XCRemoteSwiftPackageReference "ViewState" */ = {
			isa = XCRemoteSwiftPackageReference;
			repositoryURL = "https://github.com/kevinhermawan/ViewState.git";
			requirement = {
				kind = upToNextMajorVersion;
				minimumVersion = 1.2.1;
			};
		};
		0ACA4D5C2AF7AC43000DA76F /* XCRemoteSwiftPackageReference "swiftui-introspect" */ = {
			isa = XCRemoteSwiftPackageReference;
			repositoryURL = "https://github.com/siteline/swiftui-introspect";
			requirement = {
				kind = upToNextMajorVersion;
				minimumVersion = 1.1.1;
			};
		};
		0ACA4D712AF88DB6000DA76F /* XCRemoteSwiftPackageReference "ViewCondition" */ = {
			isa = XCRemoteSwiftPackageReference;
			repositoryURL = "https://github.com/kevinhermawan/ViewCondition";
			requirement = {
				kind = upToNextMajorVersion;
				minimumVersion = 1.0.0;
			};
		};
		0ACA4D742AF89C27000DA76F /* XCRemoteSwiftPackageReference "swift-markdown-ui" */ = {
			isa = XCRemoteSwiftPackageReference;
			repositoryURL = "https://github.com/gonzalezreal/swift-markdown-ui";
			requirement = {
				kind = upToNextMajorVersion;
				minimumVersion = 2.2.0;
			};
		};
		0AE024812AFB898300347C18 /* XCRemoteSwiftPackageReference "Sparkle" */ = {
			isa = XCRemoteSwiftPackageReference;
			repositoryURL = "https://github.com/sparkle-project/Sparkle";
			requirement = {
				kind = upToNextMajorVersion;
				minimumVersion = 2.5.1;
			};
		};
		4D7454EE2B44F48500ABBB3A /* XCRemoteSwiftPackageReference "swift-retry" */ = {
			isa = XCRemoteSwiftPackageReference;
			repositoryURL = "https://github.com/fumoboy007/swift-retry.git";
			requirement = {
				kind = upToNextMajorVersion;
				minimumVersion = 0.1.2;
			};
		};
		4D8B537A2B2E499A0020FA6A /* XCRemoteSwiftPackageReference "OllamaKit" */ = {
			isa = XCRemoteSwiftPackageReference;
			repositoryURL = "https://github.com/djmango/OllamaKit";
			requirement = {
				branch = master;
				kind = branch;
			};
		};
		4D8B537D2B2E4A250020FA6A /* XCRemoteSwiftPackageReference "ChatField" */ = {
			isa = XCRemoteSwiftPackageReference;
			repositoryURL = "https://github.com/djmango/ChatField";
			requirement = {
				branch = master;
				kind = branch;
			};
		};
		4DE673472B17F46B00A5F9AE /* XCRemoteSwiftPackageReference "OptionalKit" */ = {
			isa = XCRemoteSwiftPackageReference;
			repositoryURL = "https://github.com/kevinhermawan/OptionalKit";
			requirement = {
				kind = upToNextMajorVersion;
				minimumVersion = 1.0.0;
			};
		};
		4DE673492B17F46B00A5F9AE /* XCRemoteSwiftPackageReference "ViewState" */ = {
			isa = XCRemoteSwiftPackageReference;
			repositoryURL = "https://github.com/kevinhermawan/ViewState.git";
			requirement = {
				kind = upToNextMajorVersion;
				minimumVersion = 1.2.1;
			};
		};
		4DE6734B2B17F46B00A5F9AE /* XCRemoteSwiftPackageReference "swiftui-introspect" */ = {
			isa = XCRemoteSwiftPackageReference;
			repositoryURL = "https://github.com/siteline/swiftui-introspect";
			requirement = {
				kind = upToNextMajorVersion;
				minimumVersion = 1.1.1;
			};
		};
		4DE6734D2B17F46B00A5F9AE /* XCRemoteSwiftPackageReference "ViewCondition" */ = {
			isa = XCRemoteSwiftPackageReference;
			repositoryURL = "https://github.com/kevinhermawan/ViewCondition";
			requirement = {
				kind = upToNextMajorVersion;
				minimumVersion = 1.0.0;
			};
		};
		4DE6734F2B17F46B00A5F9AE /* XCRemoteSwiftPackageReference "swift-markdown-ui" */ = {
			isa = XCRemoteSwiftPackageReference;
			repositoryURL = "https://github.com/gonzalezreal/swift-markdown-ui";
			requirement = {
				kind = upToNextMajorVersion;
				minimumVersion = 2.2.0;
			};
		};
		4DE673512B17F46B00A5F9AE /* XCRemoteSwiftPackageReference "Sparkle" */ = {
			isa = XCRemoteSwiftPackageReference;
			repositoryURL = "https://github.com/sparkle-project/Sparkle";
			requirement = {
				kind = upToNextMajorVersion;
				minimumVersion = 2.5.1;
			};
		};
		4DE673532B17F46B00A5F9AE /* XCRemoteSwiftPackageReference "OllamaKit" */ = {
			isa = XCRemoteSwiftPackageReference;
			repositoryURL = "https://github.com/kevinhermawan/OllamaKit";
			requirement = {
				kind = upToNextMajorVersion;
				minimumVersion = 2.0.0;
			};
		};
/* End XCRemoteSwiftPackageReference section */

/* Begin XCSwiftPackageProductDependency section */
		4D7454EF2B44F48500ABBB3A /* DMRetry */ = {
			isa = XCSwiftPackageProductDependency;
			package = 4D7454EE2B44F48500ABBB3A /* XCRemoteSwiftPackageReference "swift-retry" */;
			productName = DMRetry;
		};
		4D8B53782B2E49900020FA6A /* OllamaKit */ = {
			isa = XCSwiftPackageProductDependency;
			productName = OllamaKit;
		};
		4D8B537B2B2E499A0020FA6A /* OllamaKit */ = {
			isa = XCSwiftPackageProductDependency;
			package = 4D8B537A2B2E499A0020FA6A /* XCRemoteSwiftPackageReference "OllamaKit" */;
			productName = OllamaKit;
		};
		4D8B537E2B2E4A250020FA6A /* ChatField */ = {
			isa = XCSwiftPackageProductDependency;
			package = 4D8B537D2B2E4A250020FA6A /* XCRemoteSwiftPackageReference "ChatField" */;
			productName = ChatField;
		};
		4DE673462B17F46B00A5F9AE /* OptionalKit */ = {
			isa = XCSwiftPackageProductDependency;
			package = 4DE673472B17F46B00A5F9AE /* XCRemoteSwiftPackageReference "OptionalKit" */;
			productName = OptionalKit;
		};
		4DE673482B17F46B00A5F9AE /* ViewState */ = {
			isa = XCSwiftPackageProductDependency;
			package = 4DE673492B17F46B00A5F9AE /* XCRemoteSwiftPackageReference "ViewState" */;
			productName = ViewState;
		};
		4DE6734A2B17F46B00A5F9AE /* SwiftUIIntrospect */ = {
			isa = XCSwiftPackageProductDependency;
			package = 4DE6734B2B17F46B00A5F9AE /* XCRemoteSwiftPackageReference "swiftui-introspect" */;
			productName = SwiftUIIntrospect;
		};
		4DE6734C2B17F46B00A5F9AE /* ViewCondition */ = {
			isa = XCSwiftPackageProductDependency;
			package = 4DE6734D2B17F46B00A5F9AE /* XCRemoteSwiftPackageReference "ViewCondition" */;
			productName = ViewCondition;
		};
		4DE6734E2B17F46B00A5F9AE /* MarkdownUI */ = {
			isa = XCSwiftPackageProductDependency;
			package = 4DE6734F2B17F46B00A5F9AE /* XCRemoteSwiftPackageReference "swift-markdown-ui" */;
			productName = MarkdownUI;
		};
		4DE673502B17F46B00A5F9AE /* Sparkle */ = {
			isa = XCSwiftPackageProductDependency;
			package = 4DE673512B17F46B00A5F9AE /* XCRemoteSwiftPackageReference "Sparkle" */;
			productName = Sparkle;
		};
		4DE673522B17F46B00A5F9AE /* OllamaKit */ = {
			isa = XCSwiftPackageProductDependency;
			package = 4DE673532B17F46B00A5F9AE /* XCRemoteSwiftPackageReference "OllamaKit" */;
			productName = OllamaKit;
		};
/* End XCSwiftPackageProductDependency section */
	};
	rootObject = 0A4D35792AF541D900846890 /* Project object */;
}
